// !$*UTF8*$!
{
	archiveVersion = 1;
	classes = {
	};
	objectVersion = 46;
	objects = {

/* Begin PBXBuildFile section */
		D0FCB4A515A3C1F60031D3D5 /* main.cpp in Sources */ = {isa = PBXBuildFile; fileRef = D0FCB4A415A3C1F60031D3D5 /* main.cpp */; };
		D0FCB4A715A3C1F60031D3D5 /* LilLM.1 in CopyFiles */ = {isa = PBXBuildFile; fileRef = D0FCB4A615A3C1F60031D3D5 /* LilLM.1 */; };
/* End PBXBuildFile section */

/* Begin PBXCopyFilesBuildPhase section */
		D0FCB49E15A3C1F60031D3D5 /* CopyFiles */ = {
			isa = PBXCopyFilesBuildPhase;
			buildActionMask = 2147483647;
			dstPath = /usr/share/man/man1/;
			dstSubfolderSpec = 0;
			files = (
				D0FCB4A715A3C1F60031D3D5 /* LilLM.1 in CopyFiles */,
			);
			runOnlyForDeploymentPostprocessing = 1;
		};
/* End PBXCopyFilesBuildPhase section */

/* Begin PBXFileReference section */
		D0FCB4A015A3C1F60031D3D5 /* LilLM */ = {isa = PBXFileReference; explicitFileType = "compiled.mach-o.executable"; includeInIndex = 0; path = LilLM; sourceTree = BUILT_PRODUCTS_DIR; };
		D0FCB4A415A3C1F60031D3D5 /* main.cpp */ = {isa = PBXFileReference; lastKnownFileType = sourcecode.cpp.cpp; path = main.cpp; sourceTree = "<group>"; };
		D0FCB4A615A3C1F60031D3D5 /* LilLM.1 */ = {isa = PBXFileReference; lastKnownFileType = text.man; path = LilLM.1; sourceTree = "<group>"; };
		D0FCB4AE15A3C2880031D3D5 /* Array */ = {isa = PBXFileReference; lastKnownFileType = text; path = Array; sourceTree = "<group>"; };
		D0FCB4AF15A3C2880031D3D5 /* Cholesky */ = {isa = PBXFileReference; lastKnownFileType = text; path = Cholesky; sourceTree = "<group>"; };
		D0FCB4B015A3C2880031D3D5 /* CholmodSupport */ = {isa = PBXFileReference; lastKnownFileType = text; path = CholmodSupport; sourceTree = "<group>"; };
		D0FCB4B115A3C2880031D3D5 /* CMakeLists.txt */ = {isa = PBXFileReference; lastKnownFileType = text; path = CMakeLists.txt; sourceTree = "<group>"; };
		D0FCB4B215A3C2880031D3D5 /* Core */ = {isa = PBXFileReference; lastKnownFileType = text; path = Core; sourceTree = "<group>"; };
		D0FCB4B315A3C2880031D3D5 /* Dense */ = {isa = PBXFileReference; lastKnownFileType = text; path = Dense; sourceTree = "<group>"; };
		D0FCB4B415A3C2880031D3D5 /* Eigen */ = {isa = PBXFileReference; lastKnownFileType = text; path = Eigen; sourceTree = "<group>"; };
		D0FCB4B515A3C2880031D3D5 /* Eigen2Support */ = {isa = PBXFileReference; lastKnownFileType = text; path = Eigen2Support; sourceTree = "<group>"; };
		D0FCB4B615A3C2880031D3D5 /* Eigenvalues */ = {isa = PBXFileReference; lastKnownFileType = text; path = Eigenvalues; sourceTree = "<group>"; };
		D0FCB4B715A3C2880031D3D5 /* Geometry */ = {isa = PBXFileReference; lastKnownFileType = text; path = Geometry; sourceTree = "<group>"; };
		D0FCB4B815A3C2880031D3D5 /* Householder */ = {isa = PBXFileReference; lastKnownFileType = text; path = Householder; sourceTree = "<group>"; };
		D0FCB4B915A3C2880031D3D5 /* IterativeLinearSolvers */ = {isa = PBXFileReference; lastKnownFileType = text; path = IterativeLinearSolvers; sourceTree = "<group>"; };
		D0FCB4BA15A3C2880031D3D5 /* Jacobi */ = {isa = PBXFileReference; lastKnownFileType = text; path = Jacobi; sourceTree = "<group>"; };
		D0FCB4BB15A3C2880031D3D5 /* LeastSquares */ = {isa = PBXFileReference; lastKnownFileType = text; path = LeastSquares; sourceTree = "<group>"; };
		D0FCB4BC15A3C2880031D3D5 /* LU */ = {isa = PBXFileReference; lastKnownFileType = text; path = LU; sourceTree = "<group>"; };
		D0FCB4BD15A3C2880031D3D5 /* OrderingMethods */ = {isa = PBXFileReference; lastKnownFileType = text; path = OrderingMethods; sourceTree = "<group>"; };
		D0FCB4BE15A3C2880031D3D5 /* PardisoSupport */ = {isa = PBXFileReference; lastKnownFileType = text; path = PardisoSupport; sourceTree = "<group>"; };
		D0FCB4BF15A3C2880031D3D5 /* PaStiXSupport */ = {isa = PBXFileReference; lastKnownFileType = text; path = PaStiXSupport; sourceTree = "<group>"; };
		D0FCB4C015A3C2880031D3D5 /* QR */ = {isa = PBXFileReference; lastKnownFileType = text; path = QR; sourceTree = "<group>"; };
		D0FCB4C115A3C2880031D3D5 /* QtAlignedMalloc */ = {isa = PBXFileReference; lastKnownFileType = text; path = QtAlignedMalloc; sourceTree = "<group>"; };
		D0FCB4C215A3C2880031D3D5 /* Sparse */ = {isa = PBXFileReference; lastKnownFileType = text; path = Sparse; sourceTree = "<group>"; };
		D0FCB4C315A3C2880031D3D5 /* SparseCholesky */ = {isa = PBXFileReference; lastKnownFileType = text; path = SparseCholesky; sourceTree = "<group>"; };
		D0FCB4C415A3C2880031D3D5 /* SparseCore */ = {isa = PBXFileReference; lastKnownFileType = text; path = SparseCore; sourceTree = "<group>"; };
		D0FCB4C715A3C2880031D3D5 /* CMakeLists.txt */ = {isa = PBXFileReference; lastKnownFileType = text; path = CMakeLists.txt; sourceTree = "<group>"; };
		D0FCB4C815A3C2880031D3D5 /* LDLT.h */ = {isa = PBXFileReference; lastKnownFileType = sourcecode.c.h; path = LDLT.h; sourceTree = "<group>"; };
		D0FCB4C915A3C2880031D3D5 /* LLT.h */ = {isa = PBXFileReference; lastKnownFileType = sourcecode.c.h; path = LLT.h; sourceTree = "<group>"; };
		D0FCB4CA15A3C2880031D3D5 /* LLT_MKL.h */ = {isa = PBXFileReference; lastKnownFileType = sourcecode.c.h; path = LLT_MKL.h; sourceTree = "<group>"; };
		D0FCB4CC15A3C2880031D3D5 /* CholmodSupport.h */ = {isa = PBXFileReference; lastKnownFileType = sourcecode.c.h; path = CholmodSupport.h; sourceTree = "<group>"; };
		D0FCB4CD15A3C2880031D3D5 /* CMakeLists.txt */ = {isa = PBXFileReference; lastKnownFileType = text; path = CMakeLists.txt; sourceTree = "<group>"; };
		D0FCB4CE15A3C2880031D3D5 /* CMakeLists.txt */ = {isa = PBXFileReference; lastKnownFileType = text; path = CMakeLists.txt; sourceTree = "<group>"; };
		D0FCB4D215A3C2880031D3D5 /* CMakeLists.txt */ = {isa = PBXFileReference; lastKnownFileType = text; path = CMakeLists.txt; sourceTree = "<group>"; };
		D0FCB4D315A3C2880031D3D5 /* Complex.h */ = {isa = PBXFileReference; lastKnownFileType = sourcecode.c.h; path = Complex.h; sourceTree = "<group>"; };
		D0FCB4D415A3C2880031D3D5 /* PacketMath.h */ = {isa = PBXFileReference; lastKnownFileType = sourcecode.c.h; path = PacketMath.h; sourceTree = "<group>"; };
		D0FCB4D515A3C2880031D3D5 /* CMakeLists.txt */ = {isa = PBXFileReference; lastKnownFileType = text; path = CMakeLists.txt; sourceTree = "<group>"; };
		D0FCB4D715A3C2880031D3D5 /* CMakeLists.txt */ = {isa = PBXFileReference; lastKnownFileType = text; path = CMakeLists.txt; sourceTree = "<group>"; };
		D0FCB4D815A3C2880031D3D5 /* Settings.h */ = {isa = PBXFileReference; lastKnownFileType = sourcecode.c.h; path = Settings.h; sourceTree = "<group>"; };
		D0FCB4DA15A3C2880031D3D5 /* CMakeLists.txt */ = {isa = PBXFileReference; lastKnownFileType = text; path = CMakeLists.txt; sourceTree = "<group>"; };
		D0FCB4DB15A3C2880031D3D5 /* Complex.h */ = {isa = PBXFileReference; lastKnownFileType = sourcecode.c.h; path = Complex.h; sourceTree = "<group>"; };
		D0FCB4DC15A3C2880031D3D5 /* PacketMath.h */ = {isa = PBXFileReference; lastKnownFileType = sourcecode.c.h; path = PacketMath.h; sourceTree = "<group>"; };
		D0FCB4DE15A3C2880031D3D5 /* CMakeLists.txt */ = {isa = PBXFileReference; lastKnownFileType = text; path = CMakeLists.txt; sourceTree = "<group>"; };
		D0FCB4DF15A3C2880031D3D5 /* Complex.h */ = {isa = PBXFileReference; lastKnownFileType = sourcecode.c.h; path = Complex.h; sourceTree = "<group>"; };
		D0FCB4E015A3C2880031D3D5 /* MathFunctions.h */ = {isa = PBXFileReference; lastKnownFileType = sourcecode.c.h; path = MathFunctions.h; sourceTree = "<group>"; };
		D0FCB4E115A3C2880031D3D5 /* PacketMath.h */ = {isa = PBXFileReference; lastKnownFileType = sourcecode.c.h; path = PacketMath.h; sourceTree = "<group>"; };
		D0FCB4E215A3C2880031D3D5 /* Array.h */ = {isa = PBXFileReference; lastKnownFileType = sourcecode.c.h; path = Array.h; sourceTree = "<group>"; };
		D0FCB4E315A3C2880031D3D5 /* ArrayBase.h */ = {isa = PBXFileReference; lastKnownFileType = sourcecode.c.h; path = ArrayBase.h; sourceTree = "<group>"; };
		D0FCB4E415A3C2880031D3D5 /* ArrayWrapper.h */ = {isa = PBXFileReference; lastKnownFileType = sourcecode.c.h; path = ArrayWrapper.h; sourceTree = "<group>"; };
		D0FCB4E515A3C2880031D3D5 /* Assign.h */ = {isa = PBXFileReference; lastKnownFileType = sourcecode.c.h; path = Assign.h; sourceTree = "<group>"; };
		D0FCB4E615A3C2880031D3D5 /* Assign_MKL.h */ = {isa = PBXFileReference; lastKnownFileType = sourcecode.c.h; path = Assign_MKL.h; sourceTree = "<group>"; };
		D0FCB4E715A3C2880031D3D5 /* BandMatrix.h */ = {isa = PBXFileReference; lastKnownFileType = sourcecode.c.h; path = BandMatrix.h; sourceTree = "<group>"; };
		D0FCB4E815A3C2880031D3D5 /* Block.h */ = {isa = PBXFileReference; lastKnownFileType = sourcecode.c.h; path = Block.h; sourceTree = "<group>"; };
		D0FCB4E915A3C2880031D3D5 /* BooleanRedux.h */ = {isa = PBXFileReference; lastKnownFileType = sourcecode.c.h; path = BooleanRedux.h; sourceTree = "<group>"; };
		D0FCB4EA15A3C2880031D3D5 /* CMakeLists.txt */ = {isa = PBXFileReference; lastKnownFileType = text; path = CMakeLists.txt; sourceTree = "<group>"; };
		D0FCB4EB15A3C2880031D3D5 /* CommaInitializer.h */ = {isa = PBXFileReference; lastKnownFileType = sourcecode.c.h; path = CommaInitializer.h; sourceTree = "<group>"; };
		D0FCB4EC15A3C2880031D3D5 /* CwiseBinaryOp.h */ = {isa = PBXFileReference; lastKnownFileType = sourcecode.c.h; path = CwiseBinaryOp.h; sourceTree = "<group>"; };
		D0FCB4ED15A3C2880031D3D5 /* CwiseNullaryOp.h */ = {isa = PBXFileReference; lastKnownFileType = sourcecode.c.h; path = CwiseNullaryOp.h; sourceTree = "<group>"; };
		D0FCB4EE15A3C2880031D3D5 /* CwiseUnaryOp.h */ = {isa = PBXFileReference; lastKnownFileType = sourcecode.c.h; path = CwiseUnaryOp.h; sourceTree = "<group>"; };
		D0FCB4EF15A3C2880031D3D5 /* CwiseUnaryView.h */ = {isa = PBXFileReference; lastKnownFileType = sourcecode.c.h; path = CwiseUnaryView.h; sourceTree = "<group>"; };
		D0FCB4F015A3C2880031D3D5 /* DenseBase.h */ = {isa = PBXFileReference; lastKnownFileType = sourcecode.c.h; path = DenseBase.h; sourceTree = "<group>"; };
		D0FCB4F115A3C2880031D3D5 /* DenseCoeffsBase.h */ = {isa = PBXFileReference; lastKnownFileType = sourcecode.c.h; path = DenseCoeffsBase.h; sourceTree = "<group>"; };
		D0FCB4F215A3C2880031D3D5 /* DenseStorage.h */ = {isa = PBXFileReference; lastKnownFileType = sourcecode.c.h; path = DenseStorage.h; sourceTree = "<group>"; };
		D0FCB4F315A3C2880031D3D5 /* Diagonal.h */ = {isa = PBXFileReference; lastKnownFileType = sourcecode.c.h; path = Diagonal.h; sourceTree = "<group>"; };
		D0FCB4F415A3C2880031D3D5 /* DiagonalMatrix.h */ = {isa = PBXFileReference; lastKnownFileType = sourcecode.c.h; path = DiagonalMatrix.h; sourceTree = "<group>"; };
		D0FCB4F515A3C2880031D3D5 /* DiagonalProduct.h */ = {isa = PBXFileReference; lastKnownFileType = sourcecode.c.h; path = DiagonalProduct.h; sourceTree = "<group>"; };
		D0FCB4F615A3C2880031D3D5 /* Dot.h */ = {isa = PBXFileReference; lastKnownFileType = sourcecode.c.h; path = Dot.h; sourceTree = "<group>"; };
		D0FCB4F715A3C2880031D3D5 /* EigenBase.h */ = {isa = PBXFileReference; lastKnownFileType = sourcecode.c.h; path = EigenBase.h; sourceTree = "<group>"; };
		D0FCB4F815A3C2880031D3D5 /* Flagged.h */ = {isa = PBXFileReference; lastKnownFileType = sourcecode.c.h; path = Flagged.h; sourceTree = "<group>"; };
		D0FCB4F915A3C2880031D3D5 /* ForceAlignedAccess.h */ = {isa = PBXFileReference; lastKnownFileType = sourcecode.c.h; path = ForceAlignedAccess.h; sourceTree = "<group>"; };
		D0FCB4FA15A3C2880031D3D5 /* Functors.h */ = {isa = PBXFileReference; lastKnownFileType = sourcecode.c.h; path = Functors.h; sourceTree = "<group>"; };
		D0FCB4FB15A3C2880031D3D5 /* Fuzzy.h */ = {isa = PBXFileReference; lastKnownFileType = sourcecode.c.h; path = Fuzzy.h; sourceTree = "<group>"; };
		D0FCB4FC15A3C2880031D3D5 /* GeneralProduct.h */ = {isa = PBXFileReference; lastKnownFileType = sourcecode.c.h; path = GeneralProduct.h; sourceTree = "<group>"; };
		D0FCB4FD15A3C2880031D3D5 /* GenericPacketMath.h */ = {isa = PBXFileReference; lastKnownFileType = sourcecode.c.h; path = GenericPacketMath.h; sourceTree = "<group>"; };
		D0FCB4FE15A3C2880031D3D5 /* GlobalFunctions.h */ = {isa = PBXFileReference; lastKnownFileType = sourcecode.c.h; path = GlobalFunctions.h; sourceTree = "<group>"; };
		D0FCB4FF15A3C2880031D3D5 /* IO.h */ = {isa = PBXFileReference; lastKnownFileType = sourcecode.c.h; path = IO.h; sourceTree = "<group>"; };
		D0FCB50015A3C2880031D3D5 /* Map.h */ = {isa = PBXFileReference; lastKnownFileType = sourcecode.c.h; path = Map.h; sourceTree = "<group>"; };
		D0FCB50115A3C2880031D3D5 /* MapBase.h */ = {isa = PBXFileReference; lastKnownFileType = sourcecode.c.h; path = MapBase.h; sourceTree = "<group>"; };
		D0FCB50215A3C2880031D3D5 /* MathFunctions.h */ = {isa = PBXFileReference; lastKnownFileType = sourcecode.c.h; path = MathFunctions.h; sourceTree = "<group>"; };
		D0FCB50315A3C2880031D3D5 /* Matrix.h */ = {isa = PBXFileReference; lastKnownFileType = sourcecode.c.h; path = Matrix.h; sourceTree = "<group>"; };
		D0FCB50415A3C2880031D3D5 /* MatrixBase.h */ = {isa = PBXFileReference; lastKnownFileType = sourcecode.c.h; path = MatrixBase.h; sourceTree = "<group>"; };
		D0FCB50515A3C2880031D3D5 /* NestByValue.h */ = {isa = PBXFileReference; lastKnownFileType = sourcecode.c.h; path = NestByValue.h; sourceTree = "<group>"; };
		D0FCB50615A3C2880031D3D5 /* NoAlias.h */ = {isa = PBXFileReference; lastKnownFileType = sourcecode.c.h; path = NoAlias.h; sourceTree = "<group>"; };
		D0FCB50715A3C2880031D3D5 /* NumTraits.h */ = {isa = PBXFileReference; lastKnownFileType = sourcecode.c.h; path = NumTraits.h; sourceTree = "<group>"; };
		D0FCB50815A3C2880031D3D5 /* PermutationMatrix.h */ = {isa = PBXFileReference; lastKnownFileType = sourcecode.c.h; path = PermutationMatrix.h; sourceTree = "<group>"; };
		D0FCB50915A3C2880031D3D5 /* PlainObjectBase.h */ = {isa = PBXFileReference; lastKnownFileType = sourcecode.c.h; path = PlainObjectBase.h; sourceTree = "<group>"; };
		D0FCB50A15A3C2880031D3D5 /* Product.h */ = {isa = PBXFileReference; lastKnownFileType = sourcecode.c.h; path = Product.h; sourceTree = "<group>"; };
		D0FCB50B15A3C2880031D3D5 /* ProductBase.h */ = {isa = PBXFileReference; lastKnownFileType = sourcecode.c.h; path = ProductBase.h; sourceTree = "<group>"; };
		D0FCB50D15A3C2880031D3D5 /* CMakeLists.txt */ = {isa = PBXFileReference; lastKnownFileType = text; path = CMakeLists.txt; sourceTree = "<group>"; };
		D0FCB50E15A3C2880031D3D5 /* CoeffBasedProduct.h */ = {isa = PBXFileReference; lastKnownFileType = sourcecode.c.h; path = CoeffBasedProduct.h; sourceTree = "<group>"; };
		D0FCB50F15A3C2880031D3D5 /* GeneralBlockPanelKernel.h */ = {isa = PBXFileReference; lastKnownFileType = sourcecode.c.h; path = GeneralBlockPanelKernel.h; sourceTree = "<group>"; };
		D0FCB51015A3C2880031D3D5 /* GeneralMatrixMatrix.h */ = {isa = PBXFileReference; lastKnownFileType = sourcecode.c.h; path = GeneralMatrixMatrix.h; sourceTree = "<group>"; };
		D0FCB51115A3C2880031D3D5 /* GeneralMatrixMatrix_MKL.h */ = {isa = PBXFileReference; lastKnownFileType = sourcecode.c.h; path = GeneralMatrixMatrix_MKL.h; sourceTree = "<group>"; };
		D0FCB51215A3C2880031D3D5 /* GeneralMatrixMatrixTriangular.h */ = {isa = PBXFileReference; lastKnownFileType = sourcecode.c.h; path = GeneralMatrixMatrixTriangular.h; sourceTree = "<group>"; };
		D0FCB51315A3C2880031D3D5 /* GeneralMatrixMatrixTriangular_MKL.h */ = {isa = PBXFileReference; lastKnownFileType = sourcecode.c.h; path = GeneralMatrixMatrixTriangular_MKL.h; sourceTree = "<group>"; };
		D0FCB51415A3C2880031D3D5 /* GeneralMatrixVector.h */ = {isa = PBXFileReference; lastKnownFileType = sourcecode.c.h; path = GeneralMatrixVector.h; sourceTree = "<group>"; };
		D0FCB51515A3C2880031D3D5 /* GeneralMatrixVector_MKL.h */ = {isa = PBXFileReference; lastKnownFileType = sourcecode.c.h; path = GeneralMatrixVector_MKL.h; sourceTree = "<group>"; };
		D0FCB51615A3C2880031D3D5 /* Parallelizer.h */ = {isa = PBXFileReference; lastKnownFileType = sourcecode.c.h; path = Parallelizer.h; sourceTree = "<group>"; };
		D0FCB51715A3C2880031D3D5 /* SelfadjointMatrixMatrix.h */ = {isa = PBXFileReference; lastKnownFileType = sourcecode.c.h; path = SelfadjointMatrixMatrix.h; sourceTree = "<group>"; };
		D0FCB51815A3C2880031D3D5 /* SelfadjointMatrixMatrix_MKL.h */ = {isa = PBXFileReference; lastKnownFileType = sourcecode.c.h; path = SelfadjointMatrixMatrix_MKL.h; sourceTree = "<group>"; };
		D0FCB51915A3C2880031D3D5 /* SelfadjointMatrixVector.h */ = {isa = PBXFileReference; lastKnownFileType = sourcecode.c.h; path = SelfadjointMatrixVector.h; sourceTree = "<group>"; };
		D0FCB51A15A3C2880031D3D5 /* SelfadjointMatrixVector_MKL.h */ = {isa = PBXFileReference; lastKnownFileType = sourcecode.c.h; path = SelfadjointMatrixVector_MKL.h; sourceTree = "<group>"; };
		D0FCB51B15A3C2880031D3D5 /* SelfadjointProduct.h */ = {isa = PBXFileReference; lastKnownFileType = sourcecode.c.h; path = SelfadjointProduct.h; sourceTree = "<group>"; };
		D0FCB51C15A3C2880031D3D5 /* SelfadjointRank2Update.h */ = {isa = PBXFileReference; lastKnownFileType = sourcecode.c.h; path = SelfadjointRank2Update.h; sourceTree = "<group>"; };
		D0FCB51D15A3C2880031D3D5 /* TriangularMatrixMatrix.h */ = {isa = PBXFileReference; lastKnownFileType = sourcecode.c.h; path = TriangularMatrixMatrix.h; sourceTree = "<group>"; };
		D0FCB51E15A3C2880031D3D5 /* TriangularMatrixMatrix_MKL.h */ = {isa = PBXFileReference; lastKnownFileType = sourcecode.c.h; path = TriangularMatrixMatrix_MKL.h; sourceTree = "<group>"; };
		D0FCB51F15A3C2880031D3D5 /* TriangularMatrixVector.h */ = {isa = PBXFileReference; lastKnownFileType = sourcecode.c.h; path = TriangularMatrixVector.h; sourceTree = "<group>"; };
		D0FCB52015A3C2880031D3D5 /* TriangularMatrixVector_MKL.h */ = {isa = PBXFileReference; lastKnownFileType = sourcecode.c.h; path = TriangularMatrixVector_MKL.h; sourceTree = "<group>"; };
		D0FCB52115A3C2880031D3D5 /* TriangularSolverMatrix.h */ = {isa = PBXFileReference; lastKnownFileType = sourcecode.c.h; path = TriangularSolverMatrix.h; sourceTree = "<group>"; };
		D0FCB52215A3C2880031D3D5 /* TriangularSolverMatrix_MKL.h */ = {isa = PBXFileReference; lastKnownFileType = sourcecode.c.h; path = TriangularSolverMatrix_MKL.h; sourceTree = "<group>"; };
		D0FCB52315A3C2880031D3D5 /* TriangularSolverVector.h */ = {isa = PBXFileReference; lastKnownFileType = sourcecode.c.h; path = TriangularSolverVector.h; sourceTree = "<group>"; };
		D0FCB52415A3C2880031D3D5 /* Random.h */ = {isa = PBXFileReference; lastKnownFileType = sourcecode.c.h; path = Random.h; sourceTree = "<group>"; };
		D0FCB52515A3C2880031D3D5 /* Redux.h */ = {isa = PBXFileReference; lastKnownFileType = sourcecode.c.h; path = Redux.h; sourceTree = "<group>"; };
		D0FCB52615A3C2880031D3D5 /* Replicate.h */ = {isa = PBXFileReference; lastKnownFileType = sourcecode.c.h; path = Replicate.h; sourceTree = "<group>"; };
		D0FCB52715A3C2880031D3D5 /* ReturnByValue.h */ = {isa = PBXFileReference; lastKnownFileType = sourcecode.c.h; path = ReturnByValue.h; sourceTree = "<group>"; };
		D0FCB52815A3C2880031D3D5 /* Reverse.h */ = {isa = PBXFileReference; lastKnownFileType = sourcecode.c.h; path = Reverse.h; sourceTree = "<group>"; };
		D0FCB52915A3C2880031D3D5 /* Select.h */ = {isa = PBXFileReference; lastKnownFileType = sourcecode.c.h; path = Select.h; sourceTree = "<group>"; };
		D0FCB52A15A3C2880031D3D5 /* SelfAdjointView.h */ = {isa = PBXFileReference; lastKnownFileType = sourcecode.c.h; path = SelfAdjointView.h; sourceTree = "<group>"; };
		D0FCB52B15A3C2880031D3D5 /* SelfCwiseBinaryOp.h */ = {isa = PBXFileReference; lastKnownFileType = sourcecode.c.h; path = SelfCwiseBinaryOp.h; sourceTree = "<group>"; };
		D0FCB52C15A3C2880031D3D5 /* SolveTriangular.h */ = {isa = PBXFileReference; lastKnownFileType = sourcecode.c.h; path = SolveTriangular.h; sourceTree = "<group>"; };
		D0FCB52D15A3C2880031D3D5 /* StableNorm.h */ = {isa = PBXFileReference; lastKnownFileType = sourcecode.c.h; path = StableNorm.h; sourceTree = "<group>"; };
		D0FCB52E15A3C2880031D3D5 /* Stride.h */ = {isa = PBXFileReference; lastKnownFileType = sourcecode.c.h; path = Stride.h; sourceTree = "<group>"; };
		D0FCB52F15A3C2880031D3D5 /* Swap.h */ = {isa = PBXFileReference; lastKnownFileType = sourcecode.c.h; path = Swap.h; sourceTree = "<group>"; };
		D0FCB53015A3C2880031D3D5 /* Transpose.h */ = {isa = PBXFileReference; lastKnownFileType = sourcecode.c.h; path = Transpose.h; sourceTree = "<group>"; };
		D0FCB53115A3C2880031D3D5 /* Transpositions.h */ = {isa = PBXFileReference; lastKnownFileType = sourcecode.c.h; path = Transpositions.h; sourceTree = "<group>"; };
		D0FCB53215A3C2880031D3D5 /* TriangularMatrix.h */ = {isa = PBXFileReference; lastKnownFileType = sourcecode.c.h; path = TriangularMatrix.h; sourceTree = "<group>"; };
		D0FCB53415A3C2880031D3D5 /* BlasUtil.h */ = {isa = PBXFileReference; lastKnownFileType = sourcecode.c.h; path = BlasUtil.h; sourceTree = "<group>"; };
		D0FCB53515A3C2880031D3D5 /* CMakeLists.txt */ = {isa = PBXFileReference; lastKnownFileType = text; path = CMakeLists.txt; sourceTree = "<group>"; };
		D0FCB53615A3C2880031D3D5 /* Constants.h */ = {isa = PBXFileReference; lastKnownFileType = sourcecode.c.h; path = Constants.h; sourceTree = "<group>"; };
		D0FCB53715A3C2880031D3D5 /* DisableStupidWarnings.h */ = {isa = PBXFileReference; lastKnownFileType = sourcecode.c.h; path = DisableStupidWarnings.h; sourceTree = "<group>"; };
		D0FCB53815A3C2880031D3D5 /* ForwardDeclarations.h */ = {isa = PBXFileReference; lastKnownFileType = sourcecode.c.h; path = ForwardDeclarations.h; sourceTree = "<group>"; };
		D0FCB53915A3C2880031D3D5 /* Macros.h */ = {isa = PBXFileReference; lastKnownFileType = sourcecode.c.h; path = Macros.h; sourceTree = "<group>"; };
		D0FCB53A15A3C2880031D3D5 /* Memory.h */ = {isa = PBXFileReference; lastKnownFileType = sourcecode.c.h; path = Memory.h; sourceTree = "<group>"; };
		D0FCB53B15A3C2880031D3D5 /* Meta.h */ = {isa = PBXFileReference; lastKnownFileType = sourcecode.c.h; path = Meta.h; sourceTree = "<group>"; };
		D0FCB53C15A3C2880031D3D5 /* MKL_support.h */ = {isa = PBXFileReference; lastKnownFileType = sourcecode.c.h; path = MKL_support.h; sourceTree = "<group>"; };
		D0FCB53D15A3C2880031D3D5 /* ReenableStupidWarnings.h */ = {isa = PBXFileReference; lastKnownFileType = sourcecode.c.h; path = ReenableStupidWarnings.h; sourceTree = "<group>"; };
		D0FCB53E15A3C2880031D3D5 /* StaticAssert.h */ = {isa = PBXFileReference; lastKnownFileType = sourcecode.c.h; path = StaticAssert.h; sourceTree = "<group>"; };
		D0FCB53F15A3C2880031D3D5 /* XprHelper.h */ = {isa = PBXFileReference; lastKnownFileType = sourcecode.c.h; path = XprHelper.h; sourceTree = "<group>"; };
		D0FCB54015A3C2880031D3D5 /* VectorBlock.h */ = {isa = PBXFileReference; lastKnownFileType = sourcecode.c.h; path = VectorBlock.h; sourceTree = "<group>"; };
		D0FCB54115A3C2880031D3D5 /* VectorwiseOp.h */ = {isa = PBXFileReference; lastKnownFileType = sourcecode.c.h; path = VectorwiseOp.h; sourceTree = "<group>"; };
		D0FCB54215A3C2880031D3D5 /* Visitor.h */ = {isa = PBXFileReference; lastKnownFileType = sourcecode.c.h; path = Visitor.h; sourceTree = "<group>"; };
		D0FCB54415A3C2880031D3D5 /* Block.h */ = {isa = PBXFileReference; lastKnownFileType = sourcecode.c.h; path = Block.h; sourceTree = "<group>"; };
		D0FCB54515A3C2880031D3D5 /* CMakeLists.txt */ = {isa = PBXFileReference; lastKnownFileType = text; path = CMakeLists.txt; sourceTree = "<group>"; };
		D0FCB54615A3C2880031D3D5 /* Cwise.h */ = {isa = PBXFileReference; lastKnownFileType = sourcecode.c.h; path = Cwise.h; sourceTree = "<group>"; };
		D0FCB54715A3C2880031D3D5 /* CwiseOperators.h */ = {isa = PBXFileReference; lastKnownFileType = sourcecode.c.h; path = CwiseOperators.h; sourceTree = "<group>"; };
		D0FCB54915A3C2880031D3D5 /* AlignedBox.h */ = {isa = PBXFileReference; lastKnownFileType = sourcecode.c.h; path = AlignedBox.h; sourceTree = "<group>"; };
		D0FCB54A15A3C2880031D3D5 /* All.h */ = {isa = PBXFileReference; lastKnownFileType = sourcecode.c.h; path = All.h; sourceTree = "<group>"; };
		D0FCB54B15A3C2880031D3D5 /* AngleAxis.h */ = {isa = PBXFileReference; lastKnownFileType = sourcecode.c.h; path = AngleAxis.h; sourceTree = "<group>"; };
		D0FCB54C15A3C2880031D3D5 /* CMakeLists.txt */ = {isa = PBXFileReference; lastKnownFileType = text; path = CMakeLists.txt; sourceTree = "<group>"; };
		D0FCB54D15A3C2880031D3D5 /* Hyperplane.h */ = {isa = PBXFileReference; lastKnownFileType = sourcecode.c.h; path = Hyperplane.h; sourceTree = "<group>"; };
		D0FCB54E15A3C2880031D3D5 /* ParametrizedLine.h */ = {isa = PBXFileReference; lastKnownFileType = sourcecode.c.h; path = ParametrizedLine.h; sourceTree = "<group>"; };
		D0FCB54F15A3C2880031D3D5 /* Quaternion.h */ = {isa = PBXFileReference; lastKnownFileType = sourcecode.c.h; path = Quaternion.h; sourceTree = "<group>"; };
		D0FCB55015A3C2880031D3D5 /* Rotation2D.h */ = {isa = PBXFileReference; lastKnownFileType = sourcecode.c.h; path = Rotation2D.h; sourceTree = "<group>"; };
		D0FCB55115A3C2880031D3D5 /* RotationBase.h */ = {isa = PBXFileReference; lastKnownFileType = sourcecode.c.h; path = RotationBase.h; sourceTree = "<group>"; };
		D0FCB55215A3C2880031D3D5 /* Scaling.h */ = {isa = PBXFileReference; lastKnownFileType = sourcecode.c.h; path = Scaling.h; sourceTree = "<group>"; };
		D0FCB55315A3C2880031D3D5 /* Transform.h */ = {isa = PBXFileReference; lastKnownFileType = sourcecode.c.h; path = Transform.h; sourceTree = "<group>"; };
		D0FCB55415A3C2880031D3D5 /* Translation.h */ = {isa = PBXFileReference; lastKnownFileType = sourcecode.c.h; path = Translation.h; sourceTree = "<group>"; };
		D0FCB55515A3C2880031D3D5 /* Lazy.h */ = {isa = PBXFileReference; lastKnownFileType = sourcecode.c.h; path = Lazy.h; sourceTree = "<group>"; };
		D0FCB55615A3C2880031D3D5 /* LeastSquares.h */ = {isa = PBXFileReference; lastKnownFileType = sourcecode.c.h; path = LeastSquares.h; sourceTree = "<group>"; };
		D0FCB55715A3C2880031D3D5 /* LU.h */ = {isa = PBXFileReference; lastKnownFileType = sourcecode.c.h; path = LU.h; sourceTree = "<group>"; };
		D0FCB55815A3C2880031D3D5 /* Macros.h */ = {isa = PBXFileReference; lastKnownFileType = sourcecode.c.h; path = Macros.h; sourceTree = "<group>"; };
		D0FCB55915A3C2880031D3D5 /* MathFunctions.h */ = {isa = PBXFileReference; lastKnownFileType = sourcecode.c.h; path = MathFunctions.h; sourceTree = "<group>"; };
		D0FCB55A15A3C2880031D3D5 /* Memory.h */ = {isa = PBXFileReference; lastKnownFileType = sourcecode.c.h; path = Memory.h; sourceTree = "<group>"; };
		D0FCB55B15A3C2880031D3D5 /* Meta.h */ = {isa = PBXFileReference; lastKnownFileType = sourcecode.c.h; path = Meta.h; sourceTree = "<group>"; };
		D0FCB55C15A3C2880031D3D5 /* Minor.h */ = {isa = PBXFileReference; lastKnownFileType = sourcecode.c.h; path = Minor.h; sourceTree = "<group>"; };
		D0FCB55D15A3C2880031D3D5 /* QR.h */ = {isa = PBXFileReference; lastKnownFileType = sourcecode.c.h; path = QR.h; sourceTree = "<group>"; };
		D0FCB55E15A3C2880031D3D5 /* SVD.h */ = {isa = PBXFileReference; lastKnownFileType = sourcecode.c.h; path = SVD.h; sourceTree = "<group>"; };
		D0FCB55F15A3C2880031D3D5 /* TriangularSolver.h */ = {isa = PBXFileReference; lastKnownFileType = sourcecode.c.h; path = TriangularSolver.h; sourceTree = "<group>"; };
		D0FCB56015A3C2880031D3D5 /* VectorBlock.h */ = {isa = PBXFileReference; lastKnownFileType = sourcecode.c.h; path = VectorBlock.h; sourceTree = "<group>"; };
		D0FCB56215A3C2880031D3D5 /* CMakeLists.txt */ = {isa = PBXFileReference; lastKnownFileType = text; path = CMakeLists.txt; sourceTree = "<group>"; };
		D0FCB56315A3C2880031D3D5 /* ComplexEigenSolver.h */ = {isa = PBXFileReference; lastKnownFileType = sourcecode.c.h; path = ComplexEigenSolver.h; sourceTree = "<group>"; };
		D0FCB56415A3C2880031D3D5 /* ComplexSchur.h */ = {isa = PBXFileReference; lastKnownFileType = sourcecode.c.h; path = ComplexSchur.h; sourceTree = "<group>"; };
		D0FCB56515A3C2880031D3D5 /* ComplexSchur_MKL.h */ = {isa = PBXFileReference; lastKnownFileType = sourcecode.c.h; path = ComplexSchur_MKL.h; sourceTree = "<group>"; };
		D0FCB56615A3C2880031D3D5 /* EigenSolver.h */ = {isa = PBXFileReference; lastKnownFileType = sourcecode.c.h; path = EigenSolver.h; sourceTree = "<group>"; };
		D0FCB56715A3C2880031D3D5 /* GeneralizedSelfAdjointEigenSolver.h */ = {isa = PBXFileReference; lastKnownFileType = sourcecode.c.h; path = GeneralizedSelfAdjointEigenSolver.h; sourceTree = "<group>"; };
		D0FCB56815A3C2880031D3D5 /* HessenbergDecomposition.h */ = {isa = PBXFileReference; lastKnownFileType = sourcecode.c.h; path = HessenbergDecomposition.h; sourceTree = "<group>"; };
		D0FCB56915A3C2880031D3D5 /* MatrixBaseEigenvalues.h */ = {isa = PBXFileReference; lastKnownFileType = sourcecode.c.h; path = MatrixBaseEigenvalues.h; sourceTree = "<group>"; };
		D0FCB56A15A3C2880031D3D5 /* RealSchur.h */ = {isa = PBXFileReference; lastKnownFileType = sourcecode.c.h; path = RealSchur.h; sourceTree = "<group>"; };
		D0FCB56B15A3C2880031D3D5 /* RealSchur_MKL.h */ = {isa = PBXFileReference; lastKnownFileType = sourcecode.c.h; path = RealSchur_MKL.h; sourceTree = "<group>"; };
		D0FCB56C15A3C2880031D3D5 /* SelfAdjointEigenSolver.h */ = {isa = PBXFileReference; lastKnownFileType = sourcecode.c.h; path = SelfAdjointEigenSolver.h; sourceTree = "<group>"; };
		D0FCB56D15A3C2880031D3D5 /* SelfAdjointEigenSolver_MKL.h */ = {isa = PBXFileReference; lastKnownFileType = sourcecode.c.h; path = SelfAdjointEigenSolver_MKL.h; sourceTree = "<group>"; };
		D0FCB56E15A3C2880031D3D5 /* Tridiagonalization.h */ = {isa = PBXFileReference; lastKnownFileType = sourcecode.c.h; path = Tridiagonalization.h; sourceTree = "<group>"; };
		D0FCB57015A3C2880031D3D5 /* AlignedBox.h */ = {isa = PBXFileReference; lastKnownFileType = sourcecode.c.h; path = AlignedBox.h; sourceTree = "<group>"; };
		D0FCB57115A3C2880031D3D5 /* AngleAxis.h */ = {isa = PBXFileReference; lastKnownFileType = sourcecode.c.h; path = AngleAxis.h; sourceTree = "<group>"; };
		D0FCB57315A3C2880031D3D5 /* CMakeLists.txt */ = {isa = PBXFileReference; lastKnownFileType = text; path = CMakeLists.txt; sourceTree = "<group>"; };
		D0FCB57415A3C2880031D3D5 /* Geometry_SSE.h */ = {isa = PBXFileReference; lastKnownFileType = sourcecode.c.h; path = Geometry_SSE.h; sourceTree = "<group>"; };
		D0FCB57515A3C2880031D3D5 /* CMakeLists.txt */ = {isa = PBXFileReference; lastKnownFileType = text; path = CMakeLists.txt; sourceTree = "<group>"; };
		D0FCB57615A3C2880031D3D5 /* EulerAngles.h */ = {isa = PBXFileReference; lastKnownFileType = sourcecode.c.h; path = EulerAngles.h; sourceTree = "<group>"; };
		D0FCB57715A3C2880031D3D5 /* Homogeneous.h */ = {isa = PBXFileReference; lastKnownFileType = sourcecode.c.h; path = Homogeneous.h; sourceTree = "<group>"; };
		D0FCB57815A3C2880031D3D5 /* Hyperplane.h */ = {isa = PBXFileReference; lastKnownFileType = sourcecode.c.h; path = Hyperplane.h; sourceTree = "<group>"; };
		D0FCB57915A3C2880031D3D5 /* OrthoMethods.h */ = {isa = PBXFileReference; lastKnownFileType = sourcecode.c.h; path = OrthoMethods.h; sourceTree = "<group>"; };
		D0FCB57A15A3C2880031D3D5 /* ParametrizedLine.h */ = {isa = PBXFileReference; lastKnownFileType = sourcecode.c.h; path = ParametrizedLine.h; sourceTree = "<group>"; };
		D0FCB57B15A3C2880031D3D5 /* Quaternion.h */ = {isa = PBXFileReference; lastKnownFileType = sourcecode.c.h; path = Quaternion.h; sourceTree = "<group>"; };
		D0FCB57C15A3C2880031D3D5 /* Rotation2D.h */ = {isa = PBXFileReference; lastKnownFileType = sourcecode.c.h; path = Rotation2D.h; sourceTree = "<group>"; };
		D0FCB57D15A3C2880031D3D5 /* RotationBase.h */ = {isa = PBXFileReference; lastKnownFileType = sourcecode.c.h; path = RotationBase.h; sourceTree = "<group>"; };
		D0FCB57E15A3C2880031D3D5 /* Scaling.h */ = {isa = PBXFileReference; lastKnownFileType = sourcecode.c.h; path = Scaling.h; sourceTree = "<group>"; };
		D0FCB57F15A3C2880031D3D5 /* Transform.h */ = {isa = PBXFileReference; lastKnownFileType = sourcecode.c.h; path = Transform.h; sourceTree = "<group>"; };
		D0FCB58015A3C2880031D3D5 /* Translation.h */ = {isa = PBXFileReference; lastKnownFileType = sourcecode.c.h; path = Translation.h; sourceTree = "<group>"; };
		D0FCB58115A3C2880031D3D5 /* Umeyama.h */ = {isa = PBXFileReference; lastKnownFileType = sourcecode.c.h; path = Umeyama.h; sourceTree = "<group>"; };
		D0FCB58315A3C2880031D3D5 /* BlockHouseholder.h */ = {isa = PBXFileReference; lastKnownFileType = sourcecode.c.h; path = BlockHouseholder.h; sourceTree = "<group>"; };
		D0FCB58415A3C2880031D3D5 /* CMakeLists.txt */ = {isa = PBXFileReference; lastKnownFileType = text; path = CMakeLists.txt; sourceTree = "<group>"; };
		D0FCB58515A3C2880031D3D5 /* Householder.h */ = {isa = PBXFileReference; lastKnownFileType = sourcecode.c.h; path = Householder.h; sourceTree = "<group>"; };
		D0FCB58615A3C2880031D3D5 /* HouseholderSequence.h */ = {isa = PBXFileReference; lastKnownFileType = sourcecode.c.h; path = HouseholderSequence.h; sourceTree = "<group>"; };
		D0FCB58815A3C2880031D3D5 /* BasicPreconditioners.h */ = {isa = PBXFileReference; lastKnownFileType = sourcecode.c.h; path = BasicPreconditioners.h; sourceTree = "<group>"; };
		D0FCB58915A3C2880031D3D5 /* BiCGSTAB.h */ = {isa = PBXFileReference; lastKnownFileType = sourcecode.c.h; path = BiCGSTAB.h; sourceTree = "<group>"; };
		D0FCB58A15A3C2880031D3D5 /* CMakeLists.txt */ = {isa = PBXFileReference; lastKnownFileType = text; path = CMakeLists.txt; sourceTree = "<group>"; };
		D0FCB58B15A3C2880031D3D5 /* ConjugateGradient.h */ = {isa = PBXFileReference; lastKnownFileType = sourcecode.c.h; path = ConjugateGradient.h; sourceTree = "<group>"; };
		D0FCB58C15A3C2880031D3D5 /* IncompleteLUT.h */ = {isa = PBXFileReference; lastKnownFileType = sourcecode.c.h; path = IncompleteLUT.h; sourceTree = "<group>"; };
		D0FCB58D15A3C2880031D3D5 /* IterativeSolverBase.h */ = {isa = PBXFileReference; lastKnownFileType = sourcecode.c.h; path = IterativeSolverBase.h; sourceTree = "<group>"; };
		D0FCB58F15A3C2880031D3D5 /* CMakeLists.txt */ = {isa = PBXFileReference; lastKnownFileType = text; path = CMakeLists.txt; sourceTree = "<group>"; };
		D0FCB59015A3C2880031D3D5 /* Jacobi.h */ = {isa = PBXFileReference; lastKnownFileType = sourcecode.c.h; path = Jacobi.h; sourceTree = "<group>"; };
		D0FCB59315A3C2880031D3D5 /* CMakeLists.txt */ = {isa = PBXFileReference; lastKnownFileType = text; path = CMakeLists.txt; sourceTree = "<group>"; };
		D0FCB59415A3C2880031D3D5 /* Inverse_SSE.h */ = {isa = PBXFileReference; lastKnownFileType = sourcecode.c.h; path = Inverse_SSE.h; sourceTree = "<group>"; };
		D0FCB59515A3C2880031D3D5 /* CMakeLists.txt */ = {isa = PBXFileReference; lastKnownFileType = text; path = CMakeLists.txt; sourceTree = "<group>"; };
		D0FCB59615A3C2880031D3D5 /* Determinant.h */ = {isa = PBXFileReference; lastKnownFileType = sourcecode.c.h; path = Determinant.h; sourceTree = "<group>"; };
		D0FCB59715A3C2880031D3D5 /* FullPivLU.h */ = {isa = PBXFileReference; lastKnownFileType = sourcecode.c.h; path = FullPivLU.h; sourceTree = "<group>"; };
		D0FCB59815A3C2880031D3D5 /* Inverse.h */ = {isa = PBXFileReference; lastKnownFileType = sourcecode.c.h; path = Inverse.h; sourceTree = "<group>"; };
		D0FCB59915A3C2880031D3D5 /* PartialPivLU.h */ = {isa = PBXFileReference; lastKnownFileType = sourcecode.c.h; path = PartialPivLU.h; sourceTree = "<group>"; };
		D0FCB59A15A3C2880031D3D5 /* PartialPivLU_MKL.h */ = {isa = PBXFileReference; lastKnownFileType = sourcecode.c.h; path = PartialPivLU_MKL.h; sourceTree = "<group>"; };
		D0FCB59C15A3C2880031D3D5 /* blas.h */ = {isa = PBXFileReference; lastKnownFileType = sourcecode.c.h; path = blas.h; sourceTree = "<group>"; };
		D0FCB59D15A3C2880031D3D5 /* CMakeLists.txt */ = {isa = PBXFileReference; lastKnownFileType = text; path = CMakeLists.txt; sourceTree = "<group>"; };
		D0FCB59E15A3C2880031D3D5 /* Image.h */ = {isa = PBXFileReference; lastKnownFileType = sourcecode.c.h; path = Image.h; sourceTree = "<group>"; };
		D0FCB59F15A3C2880031D3D5 /* Kernel.h */ = {isa = PBXFileReference; lastKnownFileType = sourcecode.c.h; path = Kernel.h; sourceTree = "<group>"; };
		D0FCB5A015A3C2880031D3D5 /* Solve.h */ = {isa = PBXFileReference; lastKnownFileType = sourcecode.c.h; path = Solve.h; sourceTree = "<group>"; };
		D0FCB5A115A3C2880031D3D5 /* SparseSolve.h */ = {isa = PBXFileReference; lastKnownFileType = sourcecode.c.h; path = SparseSolve.h; sourceTree = "<group>"; };
		D0FCB5A315A3C2880031D3D5 /* Amd.h */ = {isa = PBXFileReference; lastKnownFileType = sourcecode.c.h; path = Amd.h; sourceTree = "<group>"; };
		D0FCB5A415A3C2880031D3D5 /* CMakeLists.txt */ = {isa = PBXFileReference; lastKnownFileType = text; path = CMakeLists.txt; sourceTree = "<group>"; };
		D0FCB5A615A3C2880031D3D5 /* CMakeLists.txt */ = {isa = PBXFileReference; lastKnownFileType = text; path = CMakeLists.txt; sourceTree = "<group>"; };
		D0FCB5A715A3C2880031D3D5 /* PardisoSupport.h */ = {isa = PBXFileReference; lastKnownFileType = sourcecode.c.h; path = PardisoSupport.h; sourceTree = "<group>"; };
		D0FCB5A915A3C2880031D3D5 /* CMakeLists.txt */ = {isa = PBXFileReference; lastKnownFileType = text; path = CMakeLists.txt; sourceTree = "<group>"; };
		D0FCB5AA15A3C2880031D3D5 /* PaStiXSupport.h */ = {isa = PBXFileReference; lastKnownFileType = sourcecode.c.h; path = PaStiXSupport.h; sourceTree = "<group>"; };
		D0FCB5AC15A3C2880031D3D5 /* ArrayCwiseBinaryOps.h */ = {isa = PBXFileReference; lastKnownFileType = sourcecode.c.h; path = ArrayCwiseBinaryOps.h; sourceTree = "<group>"; };
		D0FCB5AD15A3C2880031D3D5 /* ArrayCwiseUnaryOps.h */ = {isa = PBXFileReference; lastKnownFileType = sourcecode.c.h; path = ArrayCwiseUnaryOps.h; sourceTree = "<group>"; };
		D0FCB5AE15A3C2880031D3D5 /* BlockMethods.h */ = {isa = PBXFileReference; lastKnownFileType = sourcecode.c.h; path = BlockMethods.h; sourceTree = "<group>"; };
		D0FCB5AF15A3C2880031D3D5 /* CMakeLists.txt */ = {isa = PBXFileReference; lastKnownFileType = text; path = CMakeLists.txt; sourceTree = "<group>"; };
		D0FCB5B015A3C2880031D3D5 /* CommonCwiseBinaryOps.h */ = {isa = PBXFileReference; lastKnownFileType = sourcecode.c.h; path = CommonCwiseBinaryOps.h; sourceTree = "<group>"; };
		D0FCB5B115A3C2880031D3D5 /* CommonCwiseUnaryOps.h */ = {isa = PBXFileReference; lastKnownFileType = sourcecode.c.h; path = CommonCwiseUnaryOps.h; sourceTree = "<group>"; };
		D0FCB5B215A3C2880031D3D5 /* MatrixCwiseBinaryOps.h */ = {isa = PBXFileReference; lastKnownFileType = sourcecode.c.h; path = MatrixCwiseBinaryOps.h; sourceTree = "<group>"; };
		D0FCB5B315A3C2880031D3D5 /* MatrixCwiseUnaryOps.h */ = {isa = PBXFileReference; lastKnownFileType = sourcecode.c.h; path = MatrixCwiseUnaryOps.h; sourceTree = "<group>"; };
		D0FCB5B515A3C2880031D3D5 /* CMakeLists.txt */ = {isa = PBXFileReference; lastKnownFileType = text; path = CMakeLists.txt; sourceTree = "<group>"; };
		D0FCB5B615A3C2880031D3D5 /* ColPivHouseholderQR.h */ = {isa = PBXFileReference; lastKnownFileType = sourcecode.c.h; path = ColPivHouseholderQR.h; sourceTree = "<group>"; };
		D0FCB5B715A3C2880031D3D5 /* ColPivHouseholderQR_MKL.h */ = {isa = PBXFileReference; lastKnownFileType = sourcecode.c.h; path = ColPivHouseholderQR_MKL.h; sourceTree = "<group>"; };
		D0FCB5B815A3C2880031D3D5 /* FullPivHouseholderQR.h */ = {isa = PBXFileReference; lastKnownFileType = sourcecode.c.h; path = FullPivHouseholderQR.h; sourceTree = "<group>"; };
		D0FCB5B915A3C2880031D3D5 /* HouseholderQR.h */ = {isa = PBXFileReference; lastKnownFileType = sourcecode.c.h; path = HouseholderQR.h; sourceTree = "<group>"; };
		D0FCB5BA15A3C2880031D3D5 /* HouseholderQR_MKL.h */ = {isa = PBXFileReference; lastKnownFileType = sourcecode.c.h; path = HouseholderQR_MKL.h; sourceTree = "<group>"; };
		D0FCB5BC15A3C2880031D3D5 /* CMakeLists.txt */ = {isa = PBXFileReference; lastKnownFileType = text; path = CMakeLists.txt; sourceTree = "<group>"; };
		D0FCB5BD15A3C2880031D3D5 /* SimplicialCholesky.h */ = {isa = PBXFileReference; lastKnownFileType = sourcecode.c.h; path = SimplicialCholesky.h; sourceTree = "<group>"; };
		D0FCB5BF15A3C2880031D3D5 /* AmbiVector.h */ = {isa = PBXFileReference; lastKnownFileType = sourcecode.c.h; path = AmbiVector.h; sourceTree = "<group>"; };
		D0FCB5C015A3C2880031D3D5 /* CMakeLists.txt */ = {isa = PBXFileReference; lastKnownFileType = text; path = CMakeLists.txt; sourceTree = "<group>"; };
		D0FCB5C115A3C2880031D3D5 /* CompressedStorage.h */ = {isa = PBXFileReference; lastKnownFileType = sourcecode.c.h; path = CompressedStorage.h; sourceTree = "<group>"; };
		D0FCB5C215A3C2880031D3D5 /* ConservativeSparseSparseProduct.h */ = {isa = PBXFileReference; lastKnownFileType = sourcecode.c.h; path = ConservativeSparseSparseProduct.h; sourceTree = "<group>"; };
		D0FCB5C315A3C2880031D3D5 /* CoreIterators.h */ = {isa = PBXFileReference; lastKnownFileType = sourcecode.c.h; path = CoreIterators.h; sourceTree = "<group>"; };
		D0FCB5C415A3C2880031D3D5 /* MappedSparseMatrix.h */ = {isa = PBXFileReference; lastKnownFileType = sourcecode.c.h; path = MappedSparseMatrix.h; sourceTree = "<group>"; };
		D0FCB5C515A3C2880031D3D5 /* SparseAssign.h */ = {isa = PBXFileReference; lastKnownFileType = sourcecode.c.h; path = SparseAssign.h; sourceTree = "<group>"; };
		D0FCB5C615A3C2880031D3D5 /* SparseBlock.h */ = {isa = PBXFileReference; lastKnownFileType = sourcecode.c.h; path = SparseBlock.h; sourceTree = "<group>"; };
		D0FCB5C715A3C2880031D3D5 /* SparseCwiseBinaryOp.h */ = {isa = PBXFileReference; lastKnownFileType = sourcecode.c.h; path = SparseCwiseBinaryOp.h; sourceTree = "<group>"; };
		D0FCB5C815A3C2880031D3D5 /* SparseCwiseUnaryOp.h */ = {isa = PBXFileReference; lastKnownFileType = sourcecode.c.h; path = SparseCwiseUnaryOp.h; sourceTree = "<group>"; };
		D0FCB5C915A3C2880031D3D5 /* SparseDenseProduct.h */ = {isa = PBXFileReference; lastKnownFileType = sourcecode.c.h; path = SparseDenseProduct.h; sourceTree = "<group>"; };
		D0FCB5CA15A3C2880031D3D5 /* SparseDiagonalProduct.h */ = {isa = PBXFileReference; lastKnownFileType = sourcecode.c.h; path = SparseDiagonalProduct.h; sourceTree = "<group>"; };
		D0FCB5CB15A3C2880031D3D5 /* SparseDot.h */ = {isa = PBXFileReference; lastKnownFileType = sourcecode.c.h; path = SparseDot.h; sourceTree = "<group>"; };
		D0FCB5CC15A3C2880031D3D5 /* SparseFuzzy.h */ = {isa = PBXFileReference; lastKnownFileType = sourcecode.c.h; path = SparseFuzzy.h; sourceTree = "<group>"; };
		D0FCB5CD15A3C2880031D3D5 /* SparseMatrix.h */ = {isa = PBXFileReference; lastKnownFileType = sourcecode.c.h; path = SparseMatrix.h; sourceTree = "<group>"; };
		D0FCB5CE15A3C2880031D3D5 /* SparseMatrixBase.h */ = {isa = PBXFileReference; lastKnownFileType = sourcecode.c.h; path = SparseMatrixBase.h; sourceTree = "<group>"; };
		D0FCB5CF15A3C2880031D3D5 /* SparsePermutation.h */ = {isa = PBXFileReference; lastKnownFileType = sourcecode.c.h; path = SparsePermutation.h; sourceTree = "<group>"; };
		D0FCB5D015A3C2880031D3D5 /* SparseProduct.h */ = {isa = PBXFileReference; lastKnownFileType = sourcecode.c.h; path = SparseProduct.h; sourceTree = "<group>"; };
		D0FCB5D115A3C2880031D3D5 /* SparseRedux.h */ = {isa = PBXFileReference; lastKnownFileType = sourcecode.c.h; path = SparseRedux.h; sourceTree = "<group>"; };
		D0FCB5D215A3C2880031D3D5 /* SparseSelfAdjointView.h */ = {isa = PBXFileReference; lastKnownFileType = sourcecode.c.h; path = SparseSelfAdjointView.h; sourceTree = "<group>"; };
		D0FCB5D315A3C2880031D3D5 /* SparseSparseProductWithPruning.h */ = {isa = PBXFileReference; lastKnownFileType = sourcecode.c.h; path = SparseSparseProductWithPruning.h; sourceTree = "<group>"; };
		D0FCB5D415A3C2880031D3D5 /* SparseTranspose.h */ = {isa = PBXFileReference; lastKnownFileType = sourcecode.c.h; path = SparseTranspose.h; sourceTree = "<group>"; };
		D0FCB5D515A3C2880031D3D5 /* SparseTriangularView.h */ = {isa = PBXFileReference; lastKnownFileType = sourcecode.c.h; path = SparseTriangularView.h; sourceTree = "<group>"; };
		D0FCB5D615A3C2880031D3D5 /* SparseUtil.h */ = {isa = PBXFileReference; lastKnownFileType = sourcecode.c.h; path = SparseUtil.h; sourceTree = "<group>"; };
		D0FCB5D715A3C2880031D3D5 /* SparseVector.h */ = {isa = PBXFileReference; lastKnownFileType = sourcecode.c.h; path = SparseVector.h; sourceTree = "<group>"; };
		D0FCB5D815A3C2880031D3D5 /* SparseView.h */ = {isa = PBXFileReference; lastKnownFileType = sourcecode.c.h; path = SparseView.h; sourceTree = "<group>"; };
		D0FCB5D915A3C2880031D3D5 /* TriangularSolver.h */ = {isa = PBXFileReference; lastKnownFileType = sourcecode.c.h; path = TriangularSolver.h; sourceTree = "<group>"; };
		D0FCB5DB15A3C2880031D3D5 /* CMakeLists.txt */ = {isa = PBXFileReference; lastKnownFileType = text; path = CMakeLists.txt; sourceTree = "<group>"; };
		D0FCB5DC15A3C2880031D3D5 /* details.h */ = {isa = PBXFileReference; lastKnownFileType = sourcecode.c.h; path = details.h; sourceTree = "<group>"; };
		D0FCB5DD15A3C2880031D3D5 /* StdDeque.h */ = {isa = PBXFileReference; lastKnownFileType = sourcecode.c.h; path = StdDeque.h; sourceTree = "<group>"; };
		D0FCB5DE15A3C2880031D3D5 /* StdList.h */ = {isa = PBXFileReference; lastKnownFileType = sourcecode.c.h; path = StdList.h; sourceTree = "<group>"; };
		D0FCB5DF15A3C2880031D3D5 /* StdVector.h */ = {isa = PBXFileReference; lastKnownFileType = sourcecode.c.h; path = StdVector.h; sourceTree = "<group>"; };
		D0FCB5E115A3C2880031D3D5 /* CMakeLists.txt */ = {isa = PBXFileReference; lastKnownFileType = text; path = CMakeLists.txt; sourceTree = "<group>"; };
		D0FCB5E215A3C2880031D3D5 /* SuperLUSupport.h */ = {isa = PBXFileReference; lastKnownFileType = sourcecode.c.h; path = SuperLUSupport.h; sourceTree = "<group>"; };
		D0FCB5E415A3C2880031D3D5 /* CMakeLists.txt */ = {isa = PBXFileReference; lastKnownFileType = text; path = CMakeLists.txt; sourceTree = "<group>"; };
		D0FCB5E515A3C2880031D3D5 /* JacobiSVD.h */ = {isa = PBXFileReference; lastKnownFileType = sourcecode.c.h; path = JacobiSVD.h; sourceTree = "<group>"; };
		D0FCB5E615A3C2880031D3D5 /* JacobiSVD_MKL.h */ = {isa = PBXFileReference; lastKnownFileType = sourcecode.c.h; path = JacobiSVD_MKL.h; sourceTree = "<group>"; };
		D0FCB5E715A3C2880031D3D5 /* UpperBidiagonalization.h */ = {isa = PBXFileReference; lastKnownFileType = sourcecode.c.h; path = UpperBidiagonalization.h; sourceTree = "<group>"; };
		D0FCB5E915A3C2880031D3D5 /* CMakeLists.txt */ = {isa = PBXFileReference; lastKnownFileType = text; path = CMakeLists.txt; sourceTree = "<group>"; };
		D0FCB5EA15A3C2880031D3D5 /* UmfPackSupport.h */ = {isa = PBXFileReference; lastKnownFileType = sourcecode.c.h; path = UmfPackSupport.h; sourceTree = "<group>"; };
		D0FCB5EB15A3C2880031D3D5 /* StdDeque */ = {isa = PBXFileReference; lastKnownFileType = text; path = StdDeque; sourceTree = "<group>"; };
		D0FCB5EC15A3C2880031D3D5 /* StdList */ = {isa = PBXFileReference; lastKnownFileType = text; path = StdList; sourceTree = "<group>"; };
		D0FCB5ED15A3C2880031D3D5 /* StdVector */ = {isa = PBXFileReference; lastKnownFileType = text; path = StdVector; sourceTree = "<group>"; };
		D0FCB5EE15A3C2880031D3D5 /* SuperLUSupport */ = {isa = PBXFileReference; lastKnownFileType = text; path = SuperLUSupport; sourceTree = "<group>"; };
		D0FCB5EF15A3C2880031D3D5 /* SVD */ = {isa = PBXFileReference; lastKnownFileType = text; path = SVD; sourceTree = "<group>"; };
		D0FCB5F015A3C2880031D3D5 /* UmfPackSupport */ = {isa = PBXFileReference; lastKnownFileType = text; path = UmfPackSupport; sourceTree = "<group>"; };
/* End PBXFileReference section */

/* Begin PBXFrameworksBuildPhase section */
		D0FCB49D15A3C1F60031D3D5 /* Frameworks */ = {
			isa = PBXFrameworksBuildPhase;
			buildActionMask = 2147483647;
			files = (
			);
			runOnlyForDeploymentPostprocessing = 0;
		};
/* End PBXFrameworksBuildPhase section */

/* Begin PBXGroup section */
		D0FCB49515A3C1F60031D3D5 = {
			isa = PBXGroup;
			children = (
				D0FCB4A315A3C1F60031D3D5 /* LilLM */,
				D0FCB4A115A3C1F60031D3D5 /* Products */,
			);
			sourceTree = "<group>";
		};
		D0FCB4A115A3C1F60031D3D5 /* Products */ = {
			isa = PBXGroup;
			children = (
				D0FCB4A015A3C1F60031D3D5 /* LilLM */,
			);
			name = Products;
			sourceTree = "<group>";
		};
		D0FCB4A315A3C1F60031D3D5 /* LilLM */ = {
			isa = PBXGroup;
			children = (
				D0FCB4AD15A3C2880031D3D5 /* Eigen */,
				D0FCB4A415A3C1F60031D3D5 /* main.cpp */,
				D0FCB4A615A3C1F60031D3D5 /* LilLM.1 */,
			);
			path = LilLM;
			sourceTree = "<group>";
		};
		D0FCB4AD15A3C2880031D3D5 /* Eigen */ = {
			isa = PBXGroup;
			children = (
				D0FCB4AE15A3C2880031D3D5 /* Array */,
				D0FCB4AF15A3C2880031D3D5 /* Cholesky */,
				D0FCB4B015A3C2880031D3D5 /* CholmodSupport */,
				D0FCB4B115A3C2880031D3D5 /* CMakeLists.txt */,
				D0FCB4B215A3C2880031D3D5 /* Core */,
				D0FCB4B315A3C2880031D3D5 /* Dense */,
				D0FCB4B415A3C2880031D3D5 /* Eigen */,
				D0FCB4B515A3C2880031D3D5 /* Eigen2Support */,
				D0FCB4B615A3C2880031D3D5 /* Eigenvalues */,
				D0FCB4B715A3C2880031D3D5 /* Geometry */,
				D0FCB4B815A3C2880031D3D5 /* Householder */,
				D0FCB4B915A3C2880031D3D5 /* IterativeLinearSolvers */,
				D0FCB4BA15A3C2880031D3D5 /* Jacobi */,
				D0FCB4BB15A3C2880031D3D5 /* LeastSquares */,
				D0FCB4BC15A3C2880031D3D5 /* LU */,
				D0FCB4BD15A3C2880031D3D5 /* OrderingMethods */,
				D0FCB4BE15A3C2880031D3D5 /* PardisoSupport */,
				D0FCB4BF15A3C2880031D3D5 /* PaStiXSupport */,
				D0FCB4C015A3C2880031D3D5 /* QR */,
				D0FCB4C115A3C2880031D3D5 /* QtAlignedMalloc */,
				D0FCB4C215A3C2880031D3D5 /* Sparse */,
				D0FCB4C315A3C2880031D3D5 /* SparseCholesky */,
				D0FCB4C415A3C2880031D3D5 /* SparseCore */,
				D0FCB4C515A3C2880031D3D5 /* src */,
				D0FCB5EB15A3C2880031D3D5 /* StdDeque */,
				D0FCB5EC15A3C2880031D3D5 /* StdList */,
				D0FCB5ED15A3C2880031D3D5 /* StdVector */,
				D0FCB5EE15A3C2880031D3D5 /* SuperLUSupport */,
				D0FCB5EF15A3C2880031D3D5 /* SVD */,
				D0FCB5F015A3C2880031D3D5 /* UmfPackSupport */,
			);
			path = Eigen;
			sourceTree = "<group>";
		};
		D0FCB4C515A3C2880031D3D5 /* src */ = {
			isa = PBXGroup;
			children = (
				D0FCB4C615A3C2880031D3D5 /* Cholesky */,
				D0FCB4CB15A3C2880031D3D5 /* CholmodSupport */,
				D0FCB4CE15A3C2880031D3D5 /* CMakeLists.txt */,
				D0FCB4CF15A3C2880031D3D5 /* Core */,
				D0FCB54315A3C2880031D3D5 /* Eigen2Support */,
				D0FCB56115A3C2880031D3D5 /* Eigenvalues */,
				D0FCB56F15A3C2880031D3D5 /* Geometry */,
				D0FCB58215A3C2880031D3D5 /* Householder */,
				D0FCB58715A3C2880031D3D5 /* IterativeLinearSolvers */,
				D0FCB58E15A3C2880031D3D5 /* Jacobi */,
				D0FCB59115A3C2880031D3D5 /* LU */,
				D0FCB59B15A3C2880031D3D5 /* misc */,
				D0FCB5A215A3C2880031D3D5 /* OrderingMethods */,
				D0FCB5A515A3C2880031D3D5 /* PardisoSupport */,
				D0FCB5A815A3C2880031D3D5 /* PaStiXSupport */,
				D0FCB5AB15A3C2880031D3D5 /* plugins */,
				D0FCB5B415A3C2880031D3D5 /* QR */,
				D0FCB5BB15A3C2880031D3D5 /* SparseCholesky */,
				D0FCB5BE15A3C2880031D3D5 /* SparseCore */,
				D0FCB5DA15A3C2880031D3D5 /* StlSupport */,
				D0FCB5E015A3C2880031D3D5 /* SuperLUSupport */,
				D0FCB5E315A3C2880031D3D5 /* SVD */,
				D0FCB5E815A3C2880031D3D5 /* UmfPackSupport */,
			);
			path = src;
			sourceTree = "<group>";
		};
		D0FCB4C615A3C2880031D3D5 /* Cholesky */ = {
			isa = PBXGroup;
			children = (
				D0FCB4C715A3C2880031D3D5 /* CMakeLists.txt */,
				D0FCB4C815A3C2880031D3D5 /* LDLT.h */,
				D0FCB4C915A3C2880031D3D5 /* LLT.h */,
				D0FCB4CA15A3C2880031D3D5 /* LLT_MKL.h */,
			);
			path = Cholesky;
			sourceTree = "<group>";
		};
		D0FCB4CB15A3C2880031D3D5 /* CholmodSupport */ = {
			isa = PBXGroup;
			children = (
				D0FCB4CC15A3C2880031D3D5 /* CholmodSupport.h */,
				D0FCB4CD15A3C2880031D3D5 /* CMakeLists.txt */,
			);
			path = CholmodSupport;
			sourceTree = "<group>";
		};
		D0FCB4CF15A3C2880031D3D5 /* Core */ = {
			isa = PBXGroup;
			children = (
				D0FCB4D015A3C2880031D3D5 /* arch */,
				D0FCB4E215A3C2880031D3D5 /* Array.h */,
				D0FCB4E315A3C2880031D3D5 /* ArrayBase.h */,
				D0FCB4E415A3C2880031D3D5 /* ArrayWrapper.h */,
				D0FCB4E515A3C2880031D3D5 /* Assign.h */,
				D0FCB4E615A3C2880031D3D5 /* Assign_MKL.h */,
				D0FCB4E715A3C2880031D3D5 /* BandMatrix.h */,
				D0FCB4E815A3C2880031D3D5 /* Block.h */,
				D0FCB4E915A3C2880031D3D5 /* BooleanRedux.h */,
				D0FCB4EA15A3C2880031D3D5 /* CMakeLists.txt */,
				D0FCB4EB15A3C2880031D3D5 /* CommaInitializer.h */,
				D0FCB4EC15A3C2880031D3D5 /* CwiseBinaryOp.h */,
				D0FCB4ED15A3C2880031D3D5 /* CwiseNullaryOp.h */,
				D0FCB4EE15A3C2880031D3D5 /* CwiseUnaryOp.h */,
				D0FCB4EF15A3C2880031D3D5 /* CwiseUnaryView.h */,
				D0FCB4F015A3C2880031D3D5 /* DenseBase.h */,
				D0FCB4F115A3C2880031D3D5 /* DenseCoeffsBase.h */,
				D0FCB4F215A3C2880031D3D5 /* DenseStorage.h */,
				D0FCB4F315A3C2880031D3D5 /* Diagonal.h */,
				D0FCB4F415A3C2880031D3D5 /* DiagonalMatrix.h */,
				D0FCB4F515A3C2880031D3D5 /* DiagonalProduct.h */,
				D0FCB4F615A3C2880031D3D5 /* Dot.h */,
				D0FCB4F715A3C2880031D3D5 /* EigenBase.h */,
				D0FCB4F815A3C2880031D3D5 /* Flagged.h */,
				D0FCB4F915A3C2880031D3D5 /* ForceAlignedAccess.h */,
				D0FCB4FA15A3C2880031D3D5 /* Functors.h */,
				D0FCB4FB15A3C2880031D3D5 /* Fuzzy.h */,
				D0FCB4FC15A3C2880031D3D5 /* GeneralProduct.h */,
				D0FCB4FD15A3C2880031D3D5 /* GenericPacketMath.h */,
				D0FCB4FE15A3C2880031D3D5 /* GlobalFunctions.h */,
				D0FCB4FF15A3C2880031D3D5 /* IO.h */,
				D0FCB50015A3C2880031D3D5 /* Map.h */,
				D0FCB50115A3C2880031D3D5 /* MapBase.h */,
				D0FCB50215A3C2880031D3D5 /* MathFunctions.h */,
				D0FCB50315A3C2880031D3D5 /* Matrix.h */,
				D0FCB50415A3C2880031D3D5 /* MatrixBase.h */,
				D0FCB50515A3C2880031D3D5 /* NestByValue.h */,
				D0FCB50615A3C2880031D3D5 /* NoAlias.h */,
				D0FCB50715A3C2880031D3D5 /* NumTraits.h */,
				D0FCB50815A3C2880031D3D5 /* PermutationMatrix.h */,
				D0FCB50915A3C2880031D3D5 /* PlainObjectBase.h */,
				D0FCB50A15A3C2880031D3D5 /* Product.h */,
				D0FCB50B15A3C2880031D3D5 /* ProductBase.h */,
				D0FCB50C15A3C2880031D3D5 /* products */,
				D0FCB52415A3C2880031D3D5 /* Random.h */,
				D0FCB52515A3C2880031D3D5 /* Redux.h */,
				D0FCB52615A3C2880031D3D5 /* Replicate.h */,
				D0FCB52715A3C2880031D3D5 /* ReturnByValue.h */,
				D0FCB52815A3C2880031D3D5 /* Reverse.h */,
				D0FCB52915A3C2880031D3D5 /* Select.h */,
				D0FCB52A15A3C2880031D3D5 /* SelfAdjointView.h */,
				D0FCB52B15A3C2880031D3D5 /* SelfCwiseBinaryOp.h */,
				D0FCB52C15A3C2880031D3D5 /* SolveTriangular.h */,
				D0FCB52D15A3C2880031D3D5 /* StableNorm.h */,
				D0FCB52E15A3C2880031D3D5 /* Stride.h */,
				D0FCB52F15A3C2880031D3D5 /* Swap.h */,
				D0FCB53015A3C2880031D3D5 /* Transpose.h */,
				D0FCB53115A3C2880031D3D5 /* Transpositions.h */,
				D0FCB53215A3C2880031D3D5 /* TriangularMatrix.h */,
				D0FCB53315A3C2880031D3D5 /* util */,
				D0FCB54015A3C2880031D3D5 /* VectorBlock.h */,
				D0FCB54115A3C2880031D3D5 /* VectorwiseOp.h */,
				D0FCB54215A3C2880031D3D5 /* Visitor.h */,
			);
			path = Core;
			sourceTree = "<group>";
		};
		D0FCB4D015A3C2880031D3D5 /* arch */ = {
			isa = PBXGroup;
			children = (
				D0FCB4D115A3C2880031D3D5 /* AltiVec */,
				D0FCB4D515A3C2880031D3D5 /* CMakeLists.txt */,
				D0FCB4D615A3C2880031D3D5 /* Default */,
				D0FCB4D915A3C2880031D3D5 /* NEON */,
				D0FCB4DD15A3C2880031D3D5 /* SSE */,
			);
			path = arch;
			sourceTree = "<group>";
		};
		D0FCB4D115A3C2880031D3D5 /* AltiVec */ = {
			isa = PBXGroup;
			children = (
				D0FCB4D215A3C2880031D3D5 /* CMakeLists.txt */,
				D0FCB4D315A3C2880031D3D5 /* Complex.h */,
				D0FCB4D415A3C2880031D3D5 /* PacketMath.h */,
			);
			path = AltiVec;
			sourceTree = "<group>";
		};
		D0FCB4D615A3C2880031D3D5 /* Default */ = {
			isa = PBXGroup;
			children = (
				D0FCB4D715A3C2880031D3D5 /* CMakeLists.txt */,
				D0FCB4D815A3C2880031D3D5 /* Settings.h */,
			);
			path = Default;
			sourceTree = "<group>";
		};
		D0FCB4D915A3C2880031D3D5 /* NEON */ = {
			isa = PBXGroup;
			children = (
				D0FCB4DA15A3C2880031D3D5 /* CMakeLists.txt */,
				D0FCB4DB15A3C2880031D3D5 /* Complex.h */,
				D0FCB4DC15A3C2880031D3D5 /* PacketMath.h */,
			);
			path = NEON;
			sourceTree = "<group>";
		};
		D0FCB4DD15A3C2880031D3D5 /* SSE */ = {
			isa = PBXGroup;
			children = (
				D0FCB4DE15A3C2880031D3D5 /* CMakeLists.txt */,
				D0FCB4DF15A3C2880031D3D5 /* Complex.h */,
				D0FCB4E015A3C2880031D3D5 /* MathFunctions.h */,
				D0FCB4E115A3C2880031D3D5 /* PacketMath.h */,
			);
			path = SSE;
			sourceTree = "<group>";
		};
		D0FCB50C15A3C2880031D3D5 /* products */ = {
			isa = PBXGroup;
			children = (
				D0FCB50D15A3C2880031D3D5 /* CMakeLists.txt */,
				D0FCB50E15A3C2880031D3D5 /* CoeffBasedProduct.h */,
				D0FCB50F15A3C2880031D3D5 /* GeneralBlockPanelKernel.h */,
				D0FCB51015A3C2880031D3D5 /* GeneralMatrixMatrix.h */,
				D0FCB51115A3C2880031D3D5 /* GeneralMatrixMatrix_MKL.h */,
				D0FCB51215A3C2880031D3D5 /* GeneralMatrixMatrixTriangular.h */,
				D0FCB51315A3C2880031D3D5 /* GeneralMatrixMatrixTriangular_MKL.h */,
				D0FCB51415A3C2880031D3D5 /* GeneralMatrixVector.h */,
				D0FCB51515A3C2880031D3D5 /* GeneralMatrixVector_MKL.h */,
				D0FCB51615A3C2880031D3D5 /* Parallelizer.h */,
				D0FCB51715A3C2880031D3D5 /* SelfadjointMatrixMatrix.h */,
				D0FCB51815A3C2880031D3D5 /* SelfadjointMatrixMatrix_MKL.h */,
				D0FCB51915A3C2880031D3D5 /* SelfadjointMatrixVector.h */,
				D0FCB51A15A3C2880031D3D5 /* SelfadjointMatrixVector_MKL.h */,
				D0FCB51B15A3C2880031D3D5 /* SelfadjointProduct.h */,
				D0FCB51C15A3C2880031D3D5 /* SelfadjointRank2Update.h */,
				D0FCB51D15A3C2880031D3D5 /* TriangularMatrixMatrix.h */,
				D0FCB51E15A3C2880031D3D5 /* TriangularMatrixMatrix_MKL.h */,
				D0FCB51F15A3C2880031D3D5 /* TriangularMatrixVector.h */,
				D0FCB52015A3C2880031D3D5 /* TriangularMatrixVector_MKL.h */,
				D0FCB52115A3C2880031D3D5 /* TriangularSolverMatrix.h */,
				D0FCB52215A3C2880031D3D5 /* TriangularSolverMatrix_MKL.h */,
				D0FCB52315A3C2880031D3D5 /* TriangularSolverVector.h */,
			);
			path = products;
			sourceTree = "<group>";
		};
		D0FCB53315A3C2880031D3D5 /* util */ = {
			isa = PBXGroup;
			children = (
				D0FCB53415A3C2880031D3D5 /* BlasUtil.h */,
				D0FCB53515A3C2880031D3D5 /* CMakeLists.txt */,
				D0FCB53615A3C2880031D3D5 /* Constants.h */,
				D0FCB53715A3C2880031D3D5 /* DisableStupidWarnings.h */,
				D0FCB53815A3C2880031D3D5 /* ForwardDeclarations.h */,
				D0FCB53915A3C2880031D3D5 /* Macros.h */,
				D0FCB53A15A3C2880031D3D5 /* Memory.h */,
				D0FCB53B15A3C2880031D3D5 /* Meta.h */,
				D0FCB53C15A3C2880031D3D5 /* MKL_support.h */,
				D0FCB53D15A3C2880031D3D5 /* ReenableStupidWarnings.h */,
				D0FCB53E15A3C2880031D3D5 /* StaticAssert.h */,
				D0FCB53F15A3C2880031D3D5 /* XprHelper.h */,
			);
			path = util;
			sourceTree = "<group>";
		};
		D0FCB54315A3C2880031D3D5 /* Eigen2Support */ = {
			isa = PBXGroup;
			children = (
				D0FCB54415A3C2880031D3D5 /* Block.h */,
				D0FCB54515A3C2880031D3D5 /* CMakeLists.txt */,
				D0FCB54615A3C2880031D3D5 /* Cwise.h */,
				D0FCB54715A3C2880031D3D5 /* CwiseOperators.h */,
				D0FCB54815A3C2880031D3D5 /* Geometry */,
				D0FCB55515A3C2880031D3D5 /* Lazy.h */,
				D0FCB55615A3C2880031D3D5 /* LeastSquares.h */,
				D0FCB55715A3C2880031D3D5 /* LU.h */,
				D0FCB55815A3C2880031D3D5 /* Macros.h */,
				D0FCB55915A3C2880031D3D5 /* MathFunctions.h */,
				D0FCB55A15A3C2880031D3D5 /* Memory.h */,
				D0FCB55B15A3C2880031D3D5 /* Meta.h */,
				D0FCB55C15A3C2880031D3D5 /* Minor.h */,
				D0FCB55D15A3C2880031D3D5 /* QR.h */,
				D0FCB55E15A3C2880031D3D5 /* SVD.h */,
				D0FCB55F15A3C2880031D3D5 /* TriangularSolver.h */,
				D0FCB56015A3C2880031D3D5 /* VectorBlock.h */,
			);
			path = Eigen2Support;
			sourceTree = "<group>";
		};
		D0FCB54815A3C2880031D3D5 /* Geometry */ = {
			isa = PBXGroup;
			children = (
				D0FCB54915A3C2880031D3D5 /* AlignedBox.h */,
				D0FCB54A15A3C2880031D3D5 /* All.h */,
				D0FCB54B15A3C2880031D3D5 /* AngleAxis.h */,
				D0FCB54C15A3C2880031D3D5 /* CMakeLists.txt */,
				D0FCB54D15A3C2880031D3D5 /* Hyperplane.h */,
				D0FCB54E15A3C2880031D3D5 /* ParametrizedLine.h */,
				D0FCB54F15A3C2880031D3D5 /* Quaternion.h */,
				D0FCB55015A3C2880031D3D5 /* Rotation2D.h */,
				D0FCB55115A3C2880031D3D5 /* RotationBase.h */,
				D0FCB55215A3C2880031D3D5 /* Scaling.h */,
				D0FCB55315A3C2880031D3D5 /* Transform.h */,
				D0FCB55415A3C2880031D3D5 /* Translation.h */,
			);
			path = Geometry;
			sourceTree = "<group>";
		};
		D0FCB56115A3C2880031D3D5 /* Eigenvalues */ = {
			isa = PBXGroup;
			children = (
				D0FCB56215A3C2880031D3D5 /* CMakeLists.txt */,
				D0FCB56315A3C2880031D3D5 /* ComplexEigenSolver.h */,
				D0FCB56415A3C2880031D3D5 /* ComplexSchur.h */,
				D0FCB56515A3C2880031D3D5 /* ComplexSchur_MKL.h */,
				D0FCB56615A3C2880031D3D5 /* EigenSolver.h */,
				D0FCB56715A3C2880031D3D5 /* GeneralizedSelfAdjointEigenSolver.h */,
				D0FCB56815A3C2880031D3D5 /* HessenbergDecomposition.h */,
				D0FCB56915A3C2880031D3D5 /* MatrixBaseEigenvalues.h */,
				D0FCB56A15A3C2880031D3D5 /* RealSchur.h */,
				D0FCB56B15A3C2880031D3D5 /* RealSchur_MKL.h */,
				D0FCB56C15A3C2880031D3D5 /* SelfAdjointEigenSolver.h */,
				D0FCB56D15A3C2880031D3D5 /* SelfAdjointEigenSolver_MKL.h */,
				D0FCB56E15A3C2880031D3D5 /* Tridiagonalization.h */,
			);
			path = Eigenvalues;
			sourceTree = "<group>";
		};
		D0FCB56F15A3C2880031D3D5 /* Geometry */ = {
			isa = PBXGroup;
			children = (
				D0FCB57015A3C2880031D3D5 /* AlignedBox.h */,
				D0FCB57115A3C2880031D3D5 /* AngleAxis.h */,
				D0FCB57215A3C2880031D3D5 /* arch */,
				D0FCB57515A3C2880031D3D5 /* CMakeLists.txt */,
				D0FCB57615A3C2880031D3D5 /* EulerAngles.h */,
				D0FCB57715A3C2880031D3D5 /* Homogeneous.h */,
				D0FCB57815A3C2880031D3D5 /* Hyperplane.h */,
				D0FCB57915A3C2880031D3D5 /* OrthoMethods.h */,
				D0FCB57A15A3C2880031D3D5 /* ParametrizedLine.h */,
				D0FCB57B15A3C2880031D3D5 /* Quaternion.h */,
				D0FCB57C15A3C2880031D3D5 /* Rotation2D.h */,
				D0FCB57D15A3C2880031D3D5 /* RotationBase.h */,
				D0FCB57E15A3C2880031D3D5 /* Scaling.h */,
				D0FCB57F15A3C2880031D3D5 /* Transform.h */,
				D0FCB58015A3C2880031D3D5 /* Translation.h */,
				D0FCB58115A3C2880031D3D5 /* Umeyama.h */,
			);
			path = Geometry;
			sourceTree = "<group>";
		};
		D0FCB57215A3C2880031D3D5 /* arch */ = {
			isa = PBXGroup;
			children = (
				D0FCB57315A3C2880031D3D5 /* CMakeLists.txt */,
				D0FCB57415A3C2880031D3D5 /* Geometry_SSE.h */,
			);
			path = arch;
			sourceTree = "<group>";
		};
		D0FCB58215A3C2880031D3D5 /* Householder */ = {
			isa = PBXGroup;
			children = (
				D0FCB58315A3C2880031D3D5 /* BlockHouseholder.h */,
				D0FCB58415A3C2880031D3D5 /* CMakeLists.txt */,
				D0FCB58515A3C2880031D3D5 /* Householder.h */,
				D0FCB58615A3C2880031D3D5 /* HouseholderSequence.h */,
			);
			path = Householder;
			sourceTree = "<group>";
		};
		D0FCB58715A3C2880031D3D5 /* IterativeLinearSolvers */ = {
			isa = PBXGroup;
			children = (
				D0FCB58815A3C2880031D3D5 /* BasicPreconditioners.h */,
				D0FCB58915A3C2880031D3D5 /* BiCGSTAB.h */,
				D0FCB58A15A3C2880031D3D5 /* CMakeLists.txt */,
				D0FCB58B15A3C2880031D3D5 /* ConjugateGradient.h */,
				D0FCB58C15A3C2880031D3D5 /* IncompleteLUT.h */,
				D0FCB58D15A3C2880031D3D5 /* IterativeSolverBase.h */,
			);
			path = IterativeLinearSolvers;
			sourceTree = "<group>";
		};
		D0FCB58E15A3C2880031D3D5 /* Jacobi */ = {
			isa = PBXGroup;
			children = (
				D0FCB58F15A3C2880031D3D5 /* CMakeLists.txt */,
				D0FCB59015A3C2880031D3D5 /* Jacobi.h */,
			);
			path = Jacobi;
			sourceTree = "<group>";
		};
		D0FCB59115A3C2880031D3D5 /* LU */ = {
			isa = PBXGroup;
			children = (
				D0FCB59215A3C2880031D3D5 /* arch */,
				D0FCB59515A3C2880031D3D5 /* CMakeLists.txt */,
				D0FCB59615A3C2880031D3D5 /* Determinant.h */,
				D0FCB59715A3C2880031D3D5 /* FullPivLU.h */,
				D0FCB59815A3C2880031D3D5 /* Inverse.h */,
				D0FCB59915A3C2880031D3D5 /* PartialPivLU.h */,
				D0FCB59A15A3C2880031D3D5 /* PartialPivLU_MKL.h */,
			);
			path = LU;
			sourceTree = "<group>";
		};
		D0FCB59215A3C2880031D3D5 /* arch */ = {
			isa = PBXGroup;
			children = (
				D0FCB59315A3C2880031D3D5 /* CMakeLists.txt */,
				D0FCB59415A3C2880031D3D5 /* Inverse_SSE.h */,
			);
			path = arch;
			sourceTree = "<group>";
		};
		D0FCB59B15A3C2880031D3D5 /* misc */ = {
			isa = PBXGroup;
			children = (
				D0FCB59C15A3C2880031D3D5 /* blas.h */,
				D0FCB59D15A3C2880031D3D5 /* CMakeLists.txt */,
				D0FCB59E15A3C2880031D3D5 /* Image.h */,
				D0FCB59F15A3C2880031D3D5 /* Kernel.h */,
				D0FCB5A015A3C2880031D3D5 /* Solve.h */,
				D0FCB5A115A3C2880031D3D5 /* SparseSolve.h */,
			);
			path = misc;
			sourceTree = "<group>";
		};
		D0FCB5A215A3C2880031D3D5 /* OrderingMethods */ = {
			isa = PBXGroup;
			children = (
				D0FCB5A315A3C2880031D3D5 /* Amd.h */,
				D0FCB5A415A3C2880031D3D5 /* CMakeLists.txt */,
			);
			path = OrderingMethods;
			sourceTree = "<group>";
		};
		D0FCB5A515A3C2880031D3D5 /* PardisoSupport */ = {
			isa = PBXGroup;
			children = (
				D0FCB5A615A3C2880031D3D5 /* CMakeLists.txt */,
				D0FCB5A715A3C2880031D3D5 /* PardisoSupport.h */,
			);
			path = PardisoSupport;
			sourceTree = "<group>";
		};
		D0FCB5A815A3C2880031D3D5 /* PaStiXSupport */ = {
			isa = PBXGroup;
			children = (
				D0FCB5A915A3C2880031D3D5 /* CMakeLists.txt */,
				D0FCB5AA15A3C2880031D3D5 /* PaStiXSupport.h */,
			);
			path = PaStiXSupport;
			sourceTree = "<group>";
		};
		D0FCB5AB15A3C2880031D3D5 /* plugins */ = {
			isa = PBXGroup;
			children = (
				D0FCB5AC15A3C2880031D3D5 /* ArrayCwiseBinaryOps.h */,
				D0FCB5AD15A3C2880031D3D5 /* ArrayCwiseUnaryOps.h */,
				D0FCB5AE15A3C2880031D3D5 /* BlockMethods.h */,
				D0FCB5AF15A3C2880031D3D5 /* CMakeLists.txt */,
				D0FCB5B015A3C2880031D3D5 /* CommonCwiseBinaryOps.h */,
				D0FCB5B115A3C2880031D3D5 /* CommonCwiseUnaryOps.h */,
				D0FCB5B215A3C2880031D3D5 /* MatrixCwiseBinaryOps.h */,
				D0FCB5B315A3C2880031D3D5 /* MatrixCwiseUnaryOps.h */,
			);
			path = plugins;
			sourceTree = "<group>";
		};
		D0FCB5B415A3C2880031D3D5 /* QR */ = {
			isa = PBXGroup;
			children = (
				D0FCB5B515A3C2880031D3D5 /* CMakeLists.txt */,
				D0FCB5B615A3C2880031D3D5 /* ColPivHouseholderQR.h */,
				D0FCB5B715A3C2880031D3D5 /* ColPivHouseholderQR_MKL.h */,
				D0FCB5B815A3C2880031D3D5 /* FullPivHouseholderQR.h */,
				D0FCB5B915A3C2880031D3D5 /* HouseholderQR.h */,
				D0FCB5BA15A3C2880031D3D5 /* HouseholderQR_MKL.h */,
			);
			path = QR;
			sourceTree = "<group>";
		};
		D0FCB5BB15A3C2880031D3D5 /* SparseCholesky */ = {
			isa = PBXGroup;
			children = (
				D0FCB5BC15A3C2880031D3D5 /* CMakeLists.txt */,
				D0FCB5BD15A3C2880031D3D5 /* SimplicialCholesky.h */,
			);
			path = SparseCholesky;
			sourceTree = "<group>";
		};
		D0FCB5BE15A3C2880031D3D5 /* SparseCore */ = {
			isa = PBXGroup;
			children = (
				D0FCB5BF15A3C2880031D3D5 /* AmbiVector.h */,
				D0FCB5C015A3C2880031D3D5 /* CMakeLists.txt */,
				D0FCB5C115A3C2880031D3D5 /* CompressedStorage.h */,
				D0FCB5C215A3C2880031D3D5 /* ConservativeSparseSparseProduct.h */,
				D0FCB5C315A3C2880031D3D5 /* CoreIterators.h */,
				D0FCB5C415A3C2880031D3D5 /* MappedSparseMatrix.h */,
				D0FCB5C515A3C2880031D3D5 /* SparseAssign.h */,
				D0FCB5C615A3C2880031D3D5 /* SparseBlock.h */,
				D0FCB5C715A3C2880031D3D5 /* SparseCwiseBinaryOp.h */,
				D0FCB5C815A3C2880031D3D5 /* SparseCwiseUnaryOp.h */,
				D0FCB5C915A3C2880031D3D5 /* SparseDenseProduct.h */,
				D0FCB5CA15A3C2880031D3D5 /* SparseDiagonalProduct.h */,
				D0FCB5CB15A3C2880031D3D5 /* SparseDot.h */,
				D0FCB5CC15A3C2880031D3D5 /* SparseFuzzy.h */,
				D0FCB5CD15A3C2880031D3D5 /* SparseMatrix.h */,
				D0FCB5CE15A3C2880031D3D5 /* SparseMatrixBase.h */,
				D0FCB5CF15A3C2880031D3D5 /* SparsePermutation.h */,
				D0FCB5D015A3C2880031D3D5 /* SparseProduct.h */,
				D0FCB5D115A3C2880031D3D5 /* SparseRedux.h */,
				D0FCB5D215A3C2880031D3D5 /* SparseSelfAdjointView.h */,
				D0FCB5D315A3C2880031D3D5 /* SparseSparseProductWithPruning.h */,
				D0FCB5D415A3C2880031D3D5 /* SparseTranspose.h */,
				D0FCB5D515A3C2880031D3D5 /* SparseTriangularView.h */,
				D0FCB5D615A3C2880031D3D5 /* SparseUtil.h */,
				D0FCB5D715A3C2880031D3D5 /* SparseVector.h */,
				D0FCB5D815A3C2880031D3D5 /* SparseView.h */,
				D0FCB5D915A3C2880031D3D5 /* TriangularSolver.h */,
			);
			path = SparseCore;
			sourceTree = "<group>";
		};
		D0FCB5DA15A3C2880031D3D5 /* StlSupport */ = {
			isa = PBXGroup;
			children = (
				D0FCB5DB15A3C2880031D3D5 /* CMakeLists.txt */,
				D0FCB5DC15A3C2880031D3D5 /* details.h */,
				D0FCB5DD15A3C2880031D3D5 /* StdDeque.h */,
				D0FCB5DE15A3C2880031D3D5 /* StdList.h */,
				D0FCB5DF15A3C2880031D3D5 /* StdVector.h */,
			);
			path = StlSupport;
			sourceTree = "<group>";
		};
		D0FCB5E015A3C2880031D3D5 /* SuperLUSupport */ = {
			isa = PBXGroup;
			children = (
				D0FCB5E115A3C2880031D3D5 /* CMakeLists.txt */,
				D0FCB5E215A3C2880031D3D5 /* SuperLUSupport.h */,
			);
			path = SuperLUSupport;
			sourceTree = "<group>";
		};
		D0FCB5E315A3C2880031D3D5 /* SVD */ = {
			isa = PBXGroup;
			children = (
				D0FCB5E415A3C2880031D3D5 /* CMakeLists.txt */,
				D0FCB5E515A3C2880031D3D5 /* JacobiSVD.h */,
				D0FCB5E615A3C2880031D3D5 /* JacobiSVD_MKL.h */,
				D0FCB5E715A3C2880031D3D5 /* UpperBidiagonalization.h */,
			);
			path = SVD;
			sourceTree = "<group>";
		};
		D0FCB5E815A3C2880031D3D5 /* UmfPackSupport */ = {
			isa = PBXGroup;
			children = (
				D0FCB5E915A3C2880031D3D5 /* CMakeLists.txt */,
				D0FCB5EA15A3C2880031D3D5 /* UmfPackSupport.h */,
			);
			path = UmfPackSupport;
			sourceTree = "<group>";
		};
/* End PBXGroup section */

/* Begin PBXNativeTarget section */
		D0FCB49F15A3C1F60031D3D5 /* LilLM */ = {
			isa = PBXNativeTarget;
			buildConfigurationList = D0FCB4AA15A3C1F60031D3D5 /* Build configuration list for PBXNativeTarget "LilLM" */;
			buildPhases = (
				D0FCB49C15A3C1F60031D3D5 /* Sources */,
				D0FCB49D15A3C1F60031D3D5 /* Frameworks */,
				D0FCB49E15A3C1F60031D3D5 /* CopyFiles */,
			);
			buildRules = (
			);
			dependencies = (
			);
			name = LilLM;
			productName = LilLM;
			productReference = D0FCB4A015A3C1F60031D3D5 /* LilLM */;
			productType = "com.apple.product-type.tool";
		};
/* End PBXNativeTarget section */

/* Begin PBXProject section */
		D0FCB49715A3C1F60031D3D5 /* Project object */ = {
			isa = PBXProject;
			attributes = {
				LastUpgradeCheck = 0430;
			};
			buildConfigurationList = D0FCB49A15A3C1F60031D3D5 /* Build configuration list for PBXProject "LilLM" */;
			compatibilityVersion = "Xcode 3.2";
			developmentRegion = English;
			hasScannedForEncodings = 0;
			knownRegions = (
				en,
			);
			mainGroup = D0FCB49515A3C1F60031D3D5;
			productRefGroup = D0FCB4A115A3C1F60031D3D5 /* Products */;
			projectDirPath = "";
			projectRoot = "";
			targets = (
				D0FCB49F15A3C1F60031D3D5 /* LilLM */,
			);
		};
/* End PBXProject section */

/* Begin PBXSourcesBuildPhase section */
		D0FCB49C15A3C1F60031D3D5 /* Sources */ = {
			isa = PBXSourcesBuildPhase;
			buildActionMask = 2147483647;
			files = (
				D0FCB4A515A3C1F60031D3D5 /* main.cpp in Sources */,
			);
			runOnlyForDeploymentPostprocessing = 0;
		};
/* End PBXSourcesBuildPhase section */

/* Begin XCBuildConfiguration section */
		D0FCB4A815A3C1F60031D3D5 /* Debug */ = {
			isa = XCBuildConfiguration;
			buildSettings = {
				ALWAYS_SEARCH_USER_PATHS = NO;
				ARCHS = "$(ARCHS_STANDARD_64_BIT)";
				COPY_PHASE_STRIP = NO;
				GCC_C_LANGUAGE_STANDARD = gnu99;
				GCC_DYNAMIC_NO_PIC = NO;
				GCC_ENABLE_OBJC_EXCEPTIONS = YES;
				GCC_OPTIMIZATION_LEVEL = 0;
				GCC_PREPROCESSOR_DEFINITIONS = (
					"DEBUG=1",
					"$(inherited)",
				);
				GCC_SYMBOLS_PRIVATE_EXTERN = NO;
				GCC_VERSION = com.apple.compilers.llvm.clang.1_0;
				GCC_WARN_64_TO_32_BIT_CONVERSION = YES;
				GCC_WARN_ABOUT_RETURN_TYPE = YES;
				GCC_WARN_UNINITIALIZED_AUTOS = YES;
				GCC_WARN_UNUSED_VARIABLE = YES;
				MACOSX_DEPLOYMENT_TARGET = 10.7;
				ONLY_ACTIVE_ARCH = YES;
				SDKROOT = macosx;
			};
			name = Debug;
		};
		D0FCB4A915A3C1F60031D3D5 /* Release */ = {
			isa = XCBuildConfiguration;
			buildSettings = {
				ALWAYS_SEARCH_USER_PATHS = NO;
				ARCHS = "$(ARCHS_STANDARD_64_BIT)";
				COPY_PHASE_STRIP = YES;
				DEBUG_INFORMATION_FORMAT = "dwarf-with-dsym";
				GCC_C_LANGUAGE_STANDARD = gnu99;
				GCC_ENABLE_OBJC_EXCEPTIONS = YES;
				GCC_VERSION = com.apple.compilers.llvm.clang.1_0;
				GCC_WARN_64_TO_32_BIT_CONVERSION = YES;
				GCC_WARN_ABOUT_RETURN_TYPE = YES;
				GCC_WARN_UNINITIALIZED_AUTOS = YES;
				GCC_WARN_UNUSED_VARIABLE = YES;
				MACOSX_DEPLOYMENT_TARGET = 10.7;
				SDKROOT = macosx;
			};
			name = Release;
		};
		D0FCB4AB15A3C1F60031D3D5 /* Debug */ = {
			isa = XCBuildConfiguration;
			buildSettings = {
				PRODUCT_NAME = "$(TARGET_NAME)";
			};
			name = Debug;
		};
		D0FCB4AC15A3C1F60031D3D5 /* Release */ = {
			isa = XCBuildConfiguration;
			buildSettings = {
				PRODUCT_NAME = "$(TARGET_NAME)";
			};
			name = Release;
		};
/* End XCBuildConfiguration section */

/* Begin XCConfigurationList section */
		D0FCB49A15A3C1F60031D3D5 /* Build configuration list for PBXProject "LilLM" */ = {
			isa = XCConfigurationList;
			buildConfigurations = (
				D0FCB4A815A3C1F60031D3D5 /* Debug */,
				D0FCB4A915A3C1F60031D3D5 /* Release */,
			);
			defaultConfigurationIsVisible = 0;
			defaultConfigurationName = Release;
		};
		D0FCB4AA15A3C1F60031D3D5 /* Build configuration list for PBXNativeTarget "LilLM" */ = {
			isa = XCConfigurationList;
			buildConfigurations = (
				D0FCB4AB15A3C1F60031D3D5 /* Debug */,
				D0FCB4AC15A3C1F60031D3D5 /* Release */,
			);
			defaultConfigurationIsVisible = 0;
		};
/* End XCConfigurationList section */
	};
	rootObject = D0FCB49715A3C1F60031D3D5 /* Project object */;
}
